// !$*UTF8*$!
{
	archiveVersion = 1;
	classes = {
	};
	objectVersion = 50;
	objects = {

/* Begin PBXBuildFile section */
		CB6190E8235B312400E18C55 /* ViewController.storyboard in Resources */ = {isa = PBXBuildFile; fileRef = CB6190E6235B310100E18C55 /* ViewController.storyboard */; };
		CB6190E9235B315C00E18C55 /* Clock.framework in Frameworks */ = {isa = PBXBuildFile; fileRef = CBC6BFA7235B2A49007D8BAA /* Clock.framework */; };
		CB6190EA235B315C00E18C55 /* Clock.framework in Embed Frameworks */ = {isa = PBXBuildFile; fileRef = CBC6BFA7235B2A49007D8BAA /* Clock.framework */; settings = {ATTRIBUTES = (CodeSignOnCopy, RemoveHeadersOnCopy, ); }; };
		CBC6BFB1235B2A49007D8BAA /* Clock.framework in Frameworks */ = {isa = PBXBuildFile; fileRef = CBC6BFA7235B2A49007D8BAA /* Clock.framework */; };
		CBC6BFB6235B2A49007D8BAA /* ClockTests.swift in Sources */ = {isa = PBXBuildFile; fileRef = CBC6BFB5235B2A49007D8BAA /* ClockTests.swift */; };
		CBC6BFB8235B2A49007D8BAA /* Clock.h in Headers */ = {isa = PBXBuildFile; fileRef = CBC6BFAA235B2A49007D8BAA /* Clock.h */; settings = {ATTRIBUTES = (Public, ); }; };
		CBC6BFC3235B2A6C007D8BAA /* ViewController.swift in Sources */ = {isa = PBXBuildFile; fileRef = CBC6BFC2235B2A6C007D8BAA /* ViewController.swift */; };
		CBC6BFC6235B2AB9007D8BAA /* Resources.framework in Frameworks */ = {isa = PBXBuildFile; fileRef = CBC6BFC5235B2AB9007D8BAA /* Resources.framework */; };
		CBC6BFCA235B2ABD007D8BAA /* Settings.framework in Frameworks */ = {isa = PBXBuildFile; fileRef = CBC6BFC9235B2ABD007D8BAA /* Settings.framework */; };
		CBF75BD7235B2BB9006DE7A1 /* ColorStorageService.swift in Sources */ = {isa = PBXBuildFile; fileRef = CBF75BD6235B2BB9006DE7A1 /* ColorStorageService.swift */; };
		CBF75BFB235B2F15006DE7A1 /* AppDelegate.swift in Sources */ = {isa = PBXBuildFile; fileRef = CBF75BFA235B2F15006DE7A1 /* AppDelegate.swift */; };
		CBF75C04235B2F16006DE7A1 /* Assets.xcassets in Resources */ = {isa = PBXBuildFile; fileRef = CBF75C03235B2F16006DE7A1 /* Assets.xcassets */; };
		CBF75C07235B2F16006DE7A1 /* LaunchScreen.storyboard in Resources */ = {isa = PBXBuildFile; fileRef = CBF75C05235B2F16006DE7A1 /* LaunchScreen.storyboard */; };
/* End PBXBuildFile section */

/* Begin PBXContainerItemProxy section */
		CB6190EB235B315C00E18C55 /* PBXContainerItemProxy */ = {
			isa = PBXContainerItemProxy;
			containerPortal = CBC6BF9E235B2A49007D8BAA /* Project object */;
			proxyType = 1;
			remoteGlobalIDString = CBC6BFA6235B2A49007D8BAA;
			remoteInfo = Clock;
		};
		CBC6BFB2235B2A49007D8BAA /* PBXContainerItemProxy */ = {
			isa = PBXContainerItemProxy;
			containerPortal = CBC6BF9E235B2A49007D8BAA /* Project object */;
			proxyType = 1;
			remoteGlobalIDString = CBC6BFA6235B2A49007D8BAA;
			remoteInfo = Clock;
		};
/* End PBXContainerItemProxy section */

/* Begin PBXCopyFilesBuildPhase section */
		CB6190ED235B315C00E18C55 /* Embed Frameworks */ = {
			isa = PBXCopyFilesBuildPhase;
			buildActionMask = 2147483647;
			dstPath = "";
			dstSubfolderSpec = 10;
			files = (
				CB6190EA235B315C00E18C55 /* Clock.framework in Embed Frameworks */,
			);
			name = "Embed Frameworks";
			runOnlyForDeploymentPostprocessing = 0;
		};
/* End PBXCopyFilesBuildPhase section */

/* Begin PBXFileReference section */
		CB6190E7235B310100E18C55 /* Base */ = {isa = PBXFileReference; lastKnownFileType = file.storyboard; name = Base; path = Base.lproj/ViewController.storyboard; sourceTree = "<group>"; };
		CBC6BFA7235B2A49007D8BAA /* Clock.framework */ = {isa = PBXFileReference; explicitFileType = wrapper.framework; includeInIndex = 0; path = Clock.framework; sourceTree = BUILT_PRODUCTS_DIR; };
		CBC6BFAA235B2A49007D8BAA /* Clock.h */ = {isa = PBXFileReference; lastKnownFileType = sourcecode.c.h; path = Clock.h; sourceTree = "<group>"; };
		CBC6BFAB235B2A49007D8BAA /* Info.plist */ = {isa = PBXFileReference; lastKnownFileType = text.plist.xml; path = Info.plist; sourceTree = "<group>"; };
		CBC6BFB0235B2A49007D8BAA /* ClockTests.xctest */ = {isa = PBXFileReference; explicitFileType = wrapper.cfbundle; includeInIndex = 0; path = ClockTests.xctest; sourceTree = BUILT_PRODUCTS_DIR; };
		CBC6BFB5235B2A49007D8BAA /* ClockTests.swift */ = {isa = PBXFileReference; lastKnownFileType = sourcecode.swift; path = ClockTests.swift; sourceTree = "<group>"; };
		CBC6BFB7235B2A49007D8BAA /* Info.plist */ = {isa = PBXFileReference; lastKnownFileType = text.plist.xml; path = Info.plist; sourceTree = "<group>"; };
		CBC6BFC2235B2A6C007D8BAA /* ViewController.swift */ = {isa = PBXFileReference; lastKnownFileType = sourcecode.swift; path = ViewController.swift; sourceTree = "<group>"; };
		CBC6BFC5235B2AB9007D8BAA /* Resources.framework */ = {isa = PBXFileReference; explicitFileType = wrapper.framework; path = Resources.framework; sourceTree = BUILT_PRODUCTS_DIR; };
		CBC6BFC9235B2ABD007D8BAA /* Settings.framework */ = {isa = PBXFileReference; explicitFileType = wrapper.framework; path = Settings.framework; sourceTree = BUILT_PRODUCTS_DIR; };
		CBF75BD6235B2BB9006DE7A1 /* ColorStorageService.swift */ = {isa = PBXFileReference; lastKnownFileType = sourcecode.swift; path = ColorStorageService.swift; sourceTree = "<group>"; };
		CBF75BF8235B2F15006DE7A1 /* ClockSampleApp.app */ = {isa = PBXFileReference; explicitFileType = wrapper.application; includeInIndex = 0; path = ClockSampleApp.app; sourceTree = BUILT_PRODUCTS_DIR; };
		CBF75BFA235B2F15006DE7A1 /* AppDelegate.swift */ = {isa = PBXFileReference; lastKnownFileType = sourcecode.swift; path = AppDelegate.swift; sourceTree = "<group>"; };
		CBF75C03235B2F16006DE7A1 /* Assets.xcassets */ = {isa = PBXFileReference; lastKnownFileType = folder.assetcatalog; path = Assets.xcassets; sourceTree = "<group>"; };
		CBF75C06235B2F16006DE7A1 /* Base */ = {isa = PBXFileReference; lastKnownFileType = file.storyboard; name = Base; path = Base.lproj/LaunchScreen.storyboard; sourceTree = "<group>"; };
		CBF75C08235B2F16006DE7A1 /* Info.plist */ = {isa = PBXFileReference; lastKnownFileType = text.plist.xml; path = Info.plist; sourceTree = "<group>"; };
/* End PBXFileReference section */

/* Begin PBXFrameworksBuildPhase section */
		CBC6BFA4235B2A49007D8BAA /* Frameworks */ = {
			isa = PBXFrameworksBuildPhase;
			buildActionMask = 2147483647;
			files = (
				CBC6BFC6235B2AB9007D8BAA /* Resources.framework in Frameworks */,
				CBC6BFCA235B2ABD007D8BAA /* Settings.framework in Frameworks */,
			);
			runOnlyForDeploymentPostprocessing = 0;
		};
		CBC6BFAD235B2A49007D8BAA /* Frameworks */ = {
			isa = PBXFrameworksBuildPhase;
			buildActionMask = 2147483647;
			files = (
				CBC6BFB1235B2A49007D8BAA /* Clock.framework in Frameworks */,
			);
			runOnlyForDeploymentPostprocessing = 0;
		};
		CBF75BF5235B2F15006DE7A1 /* Frameworks */ = {
			isa = PBXFrameworksBuildPhase;
			buildActionMask = 2147483647;
			files = (
				CB6190E9235B315C00E18C55 /* Clock.framework in Frameworks */,
			);
			runOnlyForDeploymentPostprocessing = 0;
		};
/* End PBXFrameworksBuildPhase section */

/* Begin PBXGroup section */
		CBC6BF9D235B2A49007D8BAA = {
			isa = PBXGroup;
			children = (
				CBC6BFA9235B2A49007D8BAA /* Clock */,
				CBC6BFB4235B2A49007D8BAA /* ClockTests */,
				CBF75BF9235B2F15006DE7A1 /* ClockSampleApp */,
				CBC6BFA8235B2A49007D8BAA /* Products */,
				CBC6BFC4235B2AB9007D8BAA /* Frameworks */,
			);
			sourceTree = "<group>";
		};
		CBC6BFA8235B2A49007D8BAA /* Products */ = {
			isa = PBXGroup;
			children = (
				CBC6BFA7235B2A49007D8BAA /* Clock.framework */,
				CBC6BFB0235B2A49007D8BAA /* ClockTests.xctest */,
				CBF75BF8235B2F15006DE7A1 /* ClockSampleApp.app */,
			);
			name = Products;
			sourceTree = "<group>";
		};
		CBC6BFA9235B2A49007D8BAA /* Clock */ = {
			isa = PBXGroup;
			children = (
				CBC6BFAA235B2A49007D8BAA /* Clock.h */,
				CBC6BFAB235B2A49007D8BAA /* Info.plist */,
				CBC6BFC1235B2A5E007D8BAA /* Source */,
			);
			path = Clock;
			sourceTree = "<group>";
		};
		CBC6BFB4235B2A49007D8BAA /* ClockTests */ = {
			isa = PBXGroup;
			children = (
				CBC6BFB5235B2A49007D8BAA /* ClockTests.swift */,
				CBC6BFB7235B2A49007D8BAA /* Info.plist */,
			);
			path = ClockTests;
			sourceTree = "<group>";
		};
		CBC6BFC1235B2A5E007D8BAA /* Source */ = {
			isa = PBXGroup;
			children = (
				CBC6BFC2235B2A6C007D8BAA /* ViewController.swift */,
				CB6190E6235B310100E18C55 /* ViewController.storyboard */,
				CBF75BD6235B2BB9006DE7A1 /* ColorStorageService.swift */,
			);
			path = Source;
			sourceTree = "<group>";
		};
		CBC6BFC4235B2AB9007D8BAA /* Frameworks */ = {
			isa = PBXGroup;
			children = (
				CBC6BFC9235B2ABD007D8BAA /* Settings.framework */,
				CBC6BFC5235B2AB9007D8BAA /* Resources.framework */,
			);
			name = Frameworks;
			sourceTree = "<group>";
		};
		CBF75BF9235B2F15006DE7A1 /* ClockSampleApp */ = {
			isa = PBXGroup;
			children = (
				CBF75BFA235B2F15006DE7A1 /* AppDelegate.swift */,
				CBF75C03235B2F16006DE7A1 /* Assets.xcassets */,
				CBF75C05235B2F16006DE7A1 /* LaunchScreen.storyboard */,
				CBF75C08235B2F16006DE7A1 /* Info.plist */,
			);
			path = ClockSampleApp;
			sourceTree = "<group>";
		};
/* End PBXGroup section */

/* Begin PBXHeadersBuildPhase section */
		CBC6BFA2235B2A49007D8BAA /* Headers */ = {
			isa = PBXHeadersBuildPhase;
			buildActionMask = 2147483647;
			files = (
				CBC6BFB8235B2A49007D8BAA /* Clock.h in Headers */,
			);
			runOnlyForDeploymentPostprocessing = 0;
		};
/* End PBXHeadersBuildPhase section */

/* Begin PBXNativeTarget section */
		CBC6BFA6235B2A49007D8BAA /* Clock */ = {
			isa = PBXNativeTarget;
			buildConfigurationList = CBC6BFBB235B2A49007D8BAA /* Build configuration list for PBXNativeTarget "Clock" */;
			buildPhases = (
				CBC6BFA2235B2A49007D8BAA /* Headers */,
				CBC6BFA3235B2A49007D8BAA /* Sources */,
				CBC6BFA4235B2A49007D8BAA /* Frameworks */,
				CBC6BFA5235B2A49007D8BAA /* Resources */,
			);
			buildRules = (
			);
			dependencies = (
			);
			name = Clock;
			productName = Clock;
			productReference = CBC6BFA7235B2A49007D8BAA /* Clock.framework */;
			productType = "com.apple.product-type.framework";
		};
		CBC6BFAF235B2A49007D8BAA /* ClockTests */ = {
			isa = PBXNativeTarget;
			buildConfigurationList = CBC6BFBE235B2A49007D8BAA /* Build configuration list for PBXNativeTarget "ClockTests" */;
			buildPhases = (
				CBC6BFAC235B2A49007D8BAA /* Sources */,
				CBC6BFAD235B2A49007D8BAA /* Frameworks */,
				CBC6BFAE235B2A49007D8BAA /* Resources */,
			);
			buildRules = (
			);
			dependencies = (
				CBC6BFB3235B2A49007D8BAA /* PBXTargetDependency */,
			);
			name = ClockTests;
			productName = ClockTests;
			productReference = CBC6BFB0235B2A49007D8BAA /* ClockTests.xctest */;
			productType = "com.apple.product-type.bundle.unit-test";
		};
		CBF75BF7235B2F15006DE7A1 /* ClockSampleApp */ = {
			isa = PBXNativeTarget;
			buildConfigurationList = CBF75C09235B2F16006DE7A1 /* Build configuration list for PBXNativeTarget "ClockSampleApp" */;
			buildPhases = (
				CBF75BF4235B2F15006DE7A1 /* Sources */,
				CBF75BF5235B2F15006DE7A1 /* Frameworks */,
				CBF75BF6235B2F15006DE7A1 /* Resources */,
				CB6190ED235B315C00E18C55 /* Embed Frameworks */,
			);
			buildRules = (
			);
			dependencies = (
				CB6190EC235B315C00E18C55 /* PBXTargetDependency */,
			);
			name = ClockSampleApp;
			productName = ClockSampleApp;
			productReference = CBF75BF8235B2F15006DE7A1 /* ClockSampleApp.app */;
			productType = "com.apple.product-type.application";
		};
/* End PBXNativeTarget section */

/* Begin PBXProject section */
		CBC6BF9E235B2A49007D8BAA /* Project object */ = {
			isa = PBXProject;
			attributes = {
				LastSwiftUpdateCheck = 1100;
				LastUpgradeCheck = 1100;
				ORGANIZATIONNAME = minsone;
				TargetAttributes = {
					CBC6BFA6235B2A49007D8BAA = {
						CreatedOnToolsVersion = 11.0;
						LastSwiftMigration = 1100;
					};
					CBC6BFAF235B2A49007D8BAA = {
						CreatedOnToolsVersion = 11.0;
					};
					CBF75BF7235B2F15006DE7A1 = {
						CreatedOnToolsVersion = 11.0;
					};
				};
			};
			buildConfigurationList = CBC6BFA1235B2A49007D8BAA /* Build configuration list for PBXProject "Clock" */;
			compatibilityVersion = "Xcode 9.3";
			developmentRegion = en;
			hasScannedForEncodings = 0;
			knownRegions = (
				en,
				Base,
			);
			mainGroup = CBC6BF9D235B2A49007D8BAA;
			productRefGroup = CBC6BFA8235B2A49007D8BAA /* Products */;
			projectDirPath = "";
			projectRoot = "";
			targets = (
				CBC6BFA6235B2A49007D8BAA /* Clock */,
				CBC6BFAF235B2A49007D8BAA /* ClockTests */,
				CBF75BF7235B2F15006DE7A1 /* ClockSampleApp */,
			);
		};
/* End PBXProject section */

/* Begin PBXResourcesBuildPhase section */
		CBC6BFA5235B2A49007D8BAA /* Resources */ = {
			isa = PBXResourcesBuildPhase;
			buildActionMask = 2147483647;
			files = (
				CB6190E8235B312400E18C55 /* ViewController.storyboard in Resources */,
			);
			runOnlyForDeploymentPostprocessing = 0;
		};
		CBC6BFAE235B2A49007D8BAA /* Resources */ = {
			isa = PBXResourcesBuildPhase;
			buildActionMask = 2147483647;
			files = (
			);
			runOnlyForDeploymentPostprocessing = 0;
		};
		CBF75BF6235B2F15006DE7A1 /* Resources */ = {
			isa = PBXResourcesBuildPhase;
			buildActionMask = 2147483647;
			files = (
				CBF75C07235B2F16006DE7A1 /* LaunchScreen.storyboard in Resources */,
				CBF75C04235B2F16006DE7A1 /* Assets.xcassets in Resources */,
			);
			runOnlyForDeploymentPostprocessing = 0;
		};
/* End PBXResourcesBuildPhase section */

/* Begin PBXSourcesBuildPhase section */
		CBC6BFA3235B2A49007D8BAA /* Sources */ = {
			isa = PBXSourcesBuildPhase;
			buildActionMask = 2147483647;
			files = (
				CBC6BFC3235B2A6C007D8BAA /* ViewController.swift in Sources */,
				CBF75BD7235B2BB9006DE7A1 /* ColorStorageService.swift in Sources */,
			);
			runOnlyForDeploymentPostprocessing = 0;
		};
		CBC6BFAC235B2A49007D8BAA /* Sources */ = {
			isa = PBXSourcesBuildPhase;
			buildActionMask = 2147483647;
			files = (
				CBC6BFB6235B2A49007D8BAA /* ClockTests.swift in Sources */,
			);
			runOnlyForDeploymentPostprocessing = 0;
		};
		CBF75BF4235B2F15006DE7A1 /* Sources */ = {
			isa = PBXSourcesBuildPhase;
			buildActionMask = 2147483647;
			files = (
				CBF75BFB235B2F15006DE7A1 /* AppDelegate.swift in Sources */,
			);
			runOnlyForDeploymentPostprocessing = 0;
		};
/* End PBXSourcesBuildPhase section */

/* Begin PBXTargetDependency section */
		CB6190EC235B315C00E18C55 /* PBXTargetDependency */ = {
			isa = PBXTargetDependency;
			target = CBC6BFA6235B2A49007D8BAA /* Clock */;
			targetProxy = CB6190EB235B315C00E18C55 /* PBXContainerItemProxy */;
		};
		CBC6BFB3235B2A49007D8BAA /* PBXTargetDependency */ = {
			isa = PBXTargetDependency;
			target = CBC6BFA6235B2A49007D8BAA /* Clock */;
			targetProxy = CBC6BFB2235B2A49007D8BAA /* PBXContainerItemProxy */;
		};
/* End PBXTargetDependency section */

/* Begin PBXVariantGroup section */
		CB6190E6235B310100E18C55 /* ViewController.storyboard */ = {
			isa = PBXVariantGroup;
			children = (
				CB6190E7235B310100E18C55 /* Base */,
			);
			name = ViewController.storyboard;
			sourceTree = "<group>";
		};
		CBF75C05235B2F16006DE7A1 /* LaunchScreen.storyboard */ = {
			isa = PBXVariantGroup;
			children = (
				CBF75C06235B2F16006DE7A1 /* Base */,
			);
			name = LaunchScreen.storyboard;
			sourceTree = "<group>";
		};
/* End PBXVariantGroup section */

/* Begin XCBuildConfiguration section */
		CBC6BFB9235B2A49007D8BAA /* Debug */ = {
			isa = XCBuildConfiguration;
			buildSettings = {
				ALWAYS_SEARCH_USER_PATHS = NO;
				CLANG_ANALYZER_NONNULL = YES;
				CLANG_ANALYZER_NUMBER_OBJECT_CONVERSION = YES_AGGRESSIVE;
				CLANG_CXX_LANGUAGE_STANDARD = "gnu++14";
				CLANG_CXX_LIBRARY = "libc++";
				CLANG_ENABLE_MODULES = YES;
				CLANG_ENABLE_OBJC_ARC = YES;
				CLANG_ENABLE_OBJC_WEAK = YES;
				CLANG_WARN_BLOCK_CAPTURE_AUTORELEASING = YES;
				CLANG_WARN_BOOL_CONVERSION = YES;
				CLANG_WARN_COMMA = YES;
				CLANG_WARN_CONSTANT_CONVERSION = YES;
				CLANG_WARN_DEPRECATED_OBJC_IMPLEMENTATIONS = YES;
				CLANG_WARN_DIRECT_OBJC_ISA_USAGE = YES_ERROR;
				CLANG_WARN_DOCUMENTATION_COMMENTS = YES;
				CLANG_WARN_EMPTY_BODY = YES;
				CLANG_WARN_ENUM_CONVERSION = YES;
				CLANG_WARN_INFINITE_RECURSION = YES;
				CLANG_WARN_INT_CONVERSION = YES;
				CLANG_WARN_NON_LITERAL_NULL_CONVERSION = YES;
				CLANG_WARN_OBJC_IMPLICIT_RETAIN_SELF = YES;
				CLANG_WARN_OBJC_LITERAL_CONVERSION = YES;
				CLANG_WARN_OBJC_ROOT_CLASS = YES_ERROR;
				CLANG_WARN_RANGE_LOOP_ANALYSIS = YES;
				CLANG_WARN_STRICT_PROTOTYPES = YES;
				CLANG_WARN_SUSPICIOUS_MOVE = YES;
				CLANG_WARN_UNGUARDED_AVAILABILITY = YES_AGGRESSIVE;
				CLANG_WARN_UNREACHABLE_CODE = YES;
				CLANG_WARN__DUPLICATE_METHOD_MATCH = YES;
				COPY_PHASE_STRIP = NO;
				CURRENT_PROJECT_VERSION = 1;
				DEBUG_INFORMATION_FORMAT = dwarf;
				ENABLE_STRICT_OBJC_MSGSEND = YES;
				ENABLE_TESTABILITY = YES;
				GCC_C_LANGUAGE_STANDARD = gnu11;
				GCC_DYNAMIC_NO_PIC = NO;
				GCC_NO_COMMON_BLOCKS = YES;
				GCC_OPTIMIZATION_LEVEL = 0;
				GCC_PREPROCESSOR_DEFINITIONS = (
					"DEBUG=1",
					"$(inherited)",
				);
				GCC_WARN_64_TO_32_BIT_CONVERSION = YES;
				GCC_WARN_ABOUT_RETURN_TYPE = YES_ERROR;
				GCC_WARN_UNDECLARED_SELECTOR = YES;
				GCC_WARN_UNINITIALIZED_AUTOS = YES_AGGRESSIVE;
				GCC_WARN_UNUSED_FUNCTION = YES;
				GCC_WARN_UNUSED_VARIABLE = YES;
				IPHONEOS_DEPLOYMENT_TARGET = 11.0;
				MTL_ENABLE_DEBUG_INFO = INCLUDE_SOURCE;
				MTL_FAST_MATH = YES;
				ONLY_ACTIVE_ARCH = YES;
				SDKROOT = iphoneos;
				SWIFT_ACTIVE_COMPILATION_CONDITIONS = DEBUG;
				SWIFT_OPTIMIZATION_LEVEL = "-Onone";
				VERSIONING_SYSTEM = "apple-generic";
				VERSION_INFO_PREFIX = "";
			};
			name = Debug;
		};
		CBC6BFBA235B2A49007D8BAA /* Release */ = {
			isa = XCBuildConfiguration;
			buildSettings = {
				ALWAYS_SEARCH_USER_PATHS = NO;
				CLANG_ANALYZER_NONNULL = YES;
				CLANG_ANALYZER_NUMBER_OBJECT_CONVERSION = YES_AGGRESSIVE;
				CLANG_CXX_LANGUAGE_STANDARD = "gnu++14";
				CLANG_CXX_LIBRARY = "libc++";
				CLANG_ENABLE_MODULES = YES;
				CLANG_ENABLE_OBJC_ARC = YES;
				CLANG_ENABLE_OBJC_WEAK = YES;
				CLANG_WARN_BLOCK_CAPTURE_AUTORELEASING = YES;
				CLANG_WARN_BOOL_CONVERSION = YES;
				CLANG_WARN_COMMA = YES;
				CLANG_WARN_CONSTANT_CONVERSION = YES;
				CLANG_WARN_DEPRECATED_OBJC_IMPLEMENTATIONS = YES;
				CLANG_WARN_DIRECT_OBJC_ISA_USAGE = YES_ERROR;
				CLANG_WARN_DOCUMENTATION_COMMENTS = YES;
				CLANG_WARN_EMPTY_BODY = YES;
				CLANG_WARN_ENUM_CONVERSION = YES;
				CLANG_WARN_INFINITE_RECURSION = YES;
				CLANG_WARN_INT_CONVERSION = YES;
				CLANG_WARN_NON_LITERAL_NULL_CONVERSION = YES;
				CLANG_WARN_OBJC_IMPLICIT_RETAIN_SELF = YES;
				CLANG_WARN_OBJC_LITERAL_CONVERSION = YES;
				CLANG_WARN_OBJC_ROOT_CLASS = YES_ERROR;
				CLANG_WARN_RANGE_LOOP_ANALYSIS = YES;
				CLANG_WARN_STRICT_PROTOTYPES = YES;
				CLANG_WARN_SUSPICIOUS_MOVE = YES;
				CLANG_WARN_UNGUARDED_AVAILABILITY = YES_AGGRESSIVE;
				CLANG_WARN_UNREACHABLE_CODE = YES;
				CLANG_WARN__DUPLICATE_METHOD_MATCH = YES;
				COPY_PHASE_STRIP = NO;
				CURRENT_PROJECT_VERSION = 1;
				DEBUG_INFORMATION_FORMAT = "dwarf-with-dsym";
				ENABLE_NS_ASSERTIONS = NO;
				ENABLE_STRICT_OBJC_MSGSEND = YES;
				GCC_C_LANGUAGE_STANDARD = gnu11;
				GCC_NO_COMMON_BLOCKS = YES;
				GCC_WARN_64_TO_32_BIT_CONVERSION = YES;
				GCC_WARN_ABOUT_RETURN_TYPE = YES_ERROR;
				GCC_WARN_UNDECLARED_SELECTOR = YES;
				GCC_WARN_UNINITIALIZED_AUTOS = YES_AGGRESSIVE;
				GCC_WARN_UNUSED_FUNCTION = YES;
				GCC_WARN_UNUSED_VARIABLE = YES;
				IPHONEOS_DEPLOYMENT_TARGET = 11.0;
				MTL_ENABLE_DEBUG_INFO = NO;
				MTL_FAST_MATH = YES;
				SDKROOT = iphoneos;
				SWIFT_COMPILATION_MODE = wholemodule;
				SWIFT_OPTIMIZATION_LEVEL = "-O";
				VALIDATE_PRODUCT = YES;
				VERSIONING_SYSTEM = "apple-generic";
				VERSION_INFO_PREFIX = "";
			};
			name = Release;
		};
		CBC6BFBC235B2A49007D8BAA /* Debug */ = {
			isa = XCBuildConfiguration;
			buildSettings = {
				CLANG_ENABLE_MODULES = YES;
				CODE_SIGN_STYLE = Automatic;
				DEFINES_MODULE = YES;
				DEVELOPMENT_TEAM = 6794ZU679A;
				DYLIB_COMPATIBILITY_VERSION = 1;
				DYLIB_CURRENT_VERSION = 1;
				DYLIB_INSTALL_NAME_BASE = "@rpath";
				INFOPLIST_FILE = Clock/Info.plist;
				INSTALL_PATH = "$(LOCAL_LIBRARY_DIR)/Frameworks";
				LD_RUNPATH_SEARCH_PATHS = (
					"$(inherited)",
					"@executable_path/Frameworks",
					"@loader_path/Frameworks",
				);
				PRODUCT_BUNDLE_IDENTIFIER = kr.minsOne.DigitClock.Clock;
				PRODUCT_NAME = "$(TARGET_NAME:c99extidentifier)";
				SKIP_INSTALL = YES;
				SWIFT_OPTIMIZATION_LEVEL = "-Onone";
				SWIFT_VERSION = 5.0;
				TARGETED_DEVICE_FAMILY = "1,2";
			};
			name = Debug;
		};
		CBC6BFBD235B2A49007D8BAA /* Release */ = {
			isa = XCBuildConfiguration;
			buildSettings = {
				CLANG_ENABLE_MODULES = YES;
				CODE_SIGN_STYLE = Automatic;
				DEFINES_MODULE = YES;
				DEVELOPMENT_TEAM = 6794ZU679A;
				DYLIB_COMPATIBILITY_VERSION = 1;
				DYLIB_CURRENT_VERSION = 1;
				DYLIB_INSTALL_NAME_BASE = "@rpath";
				INFOPLIST_FILE = Clock/Info.plist;
				INSTALL_PATH = "$(LOCAL_LIBRARY_DIR)/Frameworks";
				LD_RUNPATH_SEARCH_PATHS = (
					"$(inherited)",
					"@executable_path/Frameworks",
					"@loader_path/Frameworks",
				);
				PRODUCT_BUNDLE_IDENTIFIER = kr.minsOne.DigitClock.Clock;
				PRODUCT_NAME = "$(TARGET_NAME:c99extidentifier)";
				SKIP_INSTALL = YES;
				SWIFT_VERSION = 5.0;
				TARGETED_DEVICE_FAMILY = "1,2";
			};
			name = Release;
		};
		CBC6BFBF235B2A49007D8BAA /* Debug */ = {
			isa = XCBuildConfiguration;
			buildSettings = {
				ALWAYS_EMBED_SWIFT_STANDARD_LIBRARIES = YES;
				CODE_SIGN_STYLE = Automatic;
				DEVELOPMENT_TEAM = 6794ZU679A;
				INFOPLIST_FILE = ClockTests/Info.plist;
				LD_RUNPATH_SEARCH_PATHS = (
					"$(inherited)",
					"@executable_path/Frameworks",
					"@loader_path/Frameworks",
				);
				PRODUCT_BUNDLE_IDENTIFIER = kr.minsOne.DigitClock.ClockTests;
				PRODUCT_NAME = "$(TARGET_NAME)";
				SWIFT_VERSION = 5.0;
				TARGETED_DEVICE_FAMILY = "1,2";
			};
			name = Debug;
		};
		CBC6BFC0235B2A49007D8BAA /* Release */ = {
			isa = XCBuildConfiguration;
			buildSettings = {
				ALWAYS_EMBED_SWIFT_STANDARD_LIBRARIES = YES;
				CODE_SIGN_STYLE = Automatic;
				DEVELOPMENT_TEAM = 6794ZU679A;
				INFOPLIST_FILE = ClockTests/Info.plist;
				LD_RUNPATH_SEARCH_PATHS = (
					"$(inherited)",
					"@executable_path/Frameworks",
					"@loader_path/Frameworks",
				);
				PRODUCT_BUNDLE_IDENTIFIER = kr.minsOne.DigitClock.ClockTests;
				PRODUCT_NAME = "$(TARGET_NAME)";
				SWIFT_VERSION = 5.0;
				TARGETED_DEVICE_FAMILY = "1,2";
			};
			name = Release;
		};
		CBF75C0A235B2F16006DE7A1 /* Debug */ = {
			isa = XCBuildConfiguration;
			buildSettings = {
				ASSETCATALOG_COMPILER_APPICON_NAME = AppIcon;
				CODE_SIGN_STYLE = Automatic;
				DEVELOPMENT_TEAM = 6794ZU679A;
				INFOPLIST_FILE = ClockSampleApp/Info.plist;
				IPHONEOS_DEPLOYMENT_TARGET = 11.0;
				LD_RUNPATH_SEARCH_PATHS = (
					"$(inherited)",
					"@executable_path/Frameworks",
				);
				PRODUCT_BUNDLE_IDENTIFIER = kr.minsOne.DigitClock.Clock.SampleApp;
				PRODUCT_NAME = "$(TARGET_NAME)";
				SWIFT_VERSION = 5.0;
				TARGETED_DEVICE_FAMILY = "1,2";
			};
			name = Debug;
		};
		CBF75C0B235B2F16006DE7A1 /* Release */ = {
			isa = XCBuildConfiguration;
			buildSettings = {
				ASSETCATALOG_COMPILER_APPICON_NAME = AppIcon;
				CODE_SIGN_STYLE = Automatic;
				DEVELOPMENT_TEAM = 6794ZU679A;
				INFOPLIST_FILE = ClockSampleApp/Info.plist;
				IPHONEOS_DEPLOYMENT_TARGET = 11.0;
				LD_RUNPATH_SEARCH_PATHS = (
					"$(inherited)",
					"@executable_path/Frameworks",
				);
				PRODUCT_BUNDLE_IDENTIFIER = kr.minsOne.DigitClock.Clock.SampleApp;
				PRODUCT_NAME = "$(TARGET_NAME)";
				SWIFT_VERSION = 5.0;
				TARGETED_DEVICE_FAMILY = "1,2";
			};
			name = Release;
		};
/* End XCBuildConfiguration section */

/* Begin XCConfigurationList section */
		CBC6BFA1235B2A49007D8BAA /* Build configuration list for PBXProject "Clock" */ = {
			isa = XCConfigurationList;
			buildConfigurations = (
				CBC6BFB9235B2A49007D8BAA /* Debug */,
				CBC6BFBA235B2A49007D8BAA /* Release */,
			);
			defaultConfigurationIsVisible = 0;
			defaultConfigurationName = Release;
		};
		CBC6BFBB235B2A49007D8BAA /* Build configuration list for PBXNativeTarget "Clock" */ = {
			isa = XCConfigurationList;
			buildConfigurations = (
				CBC6BFBC235B2A49007D8BAA /* Debug */,
				CBC6BFBD235B2A49007D8BAA /* Release */,
			);
			defaultConfigurationIsVisible = 0;
			defaultConfigurationName = Release;
		};
		CBC6BFBE235B2A49007D8BAA /* Build configuration list for PBXNativeTarget "ClockTests" */ = {
			isa = XCConfigurationList;
			buildConfigurations = (
				CBC6BFBF235B2A49007D8BAA /* Debug */,
				CBC6BFC0235B2A49007D8BAA /* Release */,
			);
			defaultConfigurationIsVisible = 0;
			defaultConfigurationName = Release;
		};
		CBF75C09235B2F16006DE7A1 /* Build configuration list for PBXNativeTarget "ClockSampleApp" */ = {
			isa = XCConfigurationList;
			buildConfigurations = (
				CBF75C0A235B2F16006DE7A1 /* Debug */,
				CBF75C0B235B2F16006DE7A1 /* Release */,
			);
			defaultConfigurationIsVisible = 0;
			defaultConfigurationName = Release;
		};
/* End XCConfigurationList section */
	};
	rootObject = CBC6BF9E235B2A49007D8BAA /* Project object */;
}
