// !$*UTF8*$!
{
	archiveVersion = 1;
	classes = {
	};
	objectVersion = 50;
	objects = {

/* Begin PBXBuildFile section */
		CBE1A9C7235AA5AE00AEA9F9 /* Resources.h in Headers */ = {isa = PBXBuildFile; fileRef = CBE1A9C5235AA5AE00AEA9F9 /* Resources.h */; settings = {ATTRIBUTES = (Public, ); }; };
		CBE1A9CE235AA5E100AEA9F9 /* Images.xcassets in Resources */ = {isa = PBXBuildFile; fileRef = CBE1A9CD235AA5E100AEA9F9 /* Images.xcassets */; };
		CBE1A9D1235AA61100AEA9F9 /* R.swift in Sources */ = {isa = PBXBuildFile; fileRef = CBE1A9D0235AA61100AEA9F9 /* R.swift */; };
		CBE1A9D3235AA61A00AEA9F9 /* Extension.swift in Sources */ = {isa = PBXBuildFile; fileRef = CBE1A9D2235AA61A00AEA9F9 /* Extension.swift */; };
		CBE1AA07235AA73000AEA9F9 /* ResourcesTests.swift in Sources */ = {isa = PBXBuildFile; fileRef = CBE1AA06235AA73000AEA9F9 /* ResourcesTests.swift */; };
		CBE1AA09235AA73000AEA9F9 /* Resources.framework in Frameworks */ = {isa = PBXBuildFile; fileRef = CBE1A9C2235AA5AE00AEA9F9 /* Resources.framework */; };
		CBE1AABC235AD9AF00AEA9F9 /* ThemeColors.swift in Sources */ = {isa = PBXBuildFile; fileRef = CBE1AABB235AD9AF00AEA9F9 /* ThemeColors.swift */; };
		CBE1AAC0235ADA9D00AEA9F9 /* Library.framework in Frameworks */ = {isa = PBXBuildFile; fileRef = CBE1AABF235ADA9D00AEA9F9 /* Library.framework */; };
		CBF894732396A52200FEC547 /* R+Image.swift in Sources */ = {isa = PBXBuildFile; fileRef = CBF894722396A52200FEC547 /* R+Image.swift */; };
		CBF894752396A58000FEC547 /* R+Storyboard.swift in Sources */ = {isa = PBXBuildFile; fileRef = CBF894742396A58000FEC547 /* R+Storyboard.swift */; };
		CBF894792396A76800FEC547 /* ClockViewController.storyboard in Resources */ = {isa = PBXBuildFile; fileRef = CBF894782396A75F00FEC547 /* ClockViewController.storyboard */; };
		CBF8947A2396A77000FEC547 /* SettingsViewController.storyboard in Resources */ = {isa = PBXBuildFile; fileRef = CBF894762396A74900FEC547 /* SettingsViewController.storyboard */; };
/* End PBXBuildFile section */

/* Begin PBXContainerItemProxy section */
		CBE1AA0A235AA73000AEA9F9 /* PBXContainerItemProxy */ = {
			isa = PBXContainerItemProxy;
			containerPortal = CBE1A9B9235AA5AE00AEA9F9 /* Project object */;
			proxyType = 1;
			remoteGlobalIDString = CBE1A9C1235AA5AE00AEA9F9;
			remoteInfo = Resources;
		};
/* End PBXContainerItemProxy section */

/* Begin PBXFileReference section */
		CBE1A9C2235AA5AE00AEA9F9 /* Resources.framework */ = {isa = PBXFileReference; explicitFileType = wrapper.framework; includeInIndex = 0; path = Resources.framework; sourceTree = BUILT_PRODUCTS_DIR; };
		CBE1A9C5235AA5AE00AEA9F9 /* Resources.h */ = {isa = PBXFileReference; lastKnownFileType = sourcecode.c.h; path = Resources.h; sourceTree = "<group>"; };
		CBE1A9C6235AA5AE00AEA9F9 /* Info.plist */ = {isa = PBXFileReference; lastKnownFileType = text.plist.xml; path = Info.plist; sourceTree = "<group>"; };
		CBE1A9CD235AA5E100AEA9F9 /* Images.xcassets */ = {isa = PBXFileReference; lastKnownFileType = folder.assetcatalog; path = Images.xcassets; sourceTree = "<group>"; };
		CBE1A9D0235AA61100AEA9F9 /* R.swift */ = {isa = PBXFileReference; lastKnownFileType = sourcecode.swift; path = R.swift; sourceTree = "<group>"; };
		CBE1A9D2235AA61A00AEA9F9 /* Extension.swift */ = {isa = PBXFileReference; lastKnownFileType = sourcecode.swift; path = Extension.swift; sourceTree = "<group>"; };
		CBE1AA04235AA73000AEA9F9 /* ResourcesTests.xctest */ = {isa = PBXFileReference; explicitFileType = wrapper.cfbundle; includeInIndex = 0; path = ResourcesTests.xctest; sourceTree = BUILT_PRODUCTS_DIR; };
		CBE1AA06235AA73000AEA9F9 /* ResourcesTests.swift */ = {isa = PBXFileReference; lastKnownFileType = sourcecode.swift; path = ResourcesTests.swift; sourceTree = "<group>"; };
		CBE1AA08235AA73000AEA9F9 /* Info.plist */ = {isa = PBXFileReference; lastKnownFileType = text.plist.xml; path = Info.plist; sourceTree = "<group>"; };
		CBE1AABB235AD9AF00AEA9F9 /* ThemeColors.swift */ = {isa = PBXFileReference; lastKnownFileType = sourcecode.swift; path = ThemeColors.swift; sourceTree = "<group>"; };
		CBE1AABF235ADA9D00AEA9F9 /* Library.framework */ = {isa = PBXFileReference; explicitFileType = wrapper.framework; path = Library.framework; sourceTree = BUILT_PRODUCTS_DIR; };
		CBF894722396A52200FEC547 /* R+Image.swift */ = {isa = PBXFileReference; lastKnownFileType = sourcecode.swift; path = "R+Image.swift"; sourceTree = "<group>"; };
		CBF894742396A58000FEC547 /* R+Storyboard.swift */ = {isa = PBXFileReference; lastKnownFileType = sourcecode.swift; path = "R+Storyboard.swift"; sourceTree = "<group>"; };
		CBF894762396A74900FEC547 /* SettingsViewController.storyboard */ = {isa = PBXFileReference; fileEncoding = 4; lastKnownFileType = file.storyboard; path = SettingsViewController.storyboard; sourceTree = "<group>"; };
		CBF894772396A75F00FEC547 /* Base */ = {isa = PBXFileReference; lastKnownFileType = file.storyboard; name = Base; path = Base.lproj/ClockViewController.storyboard; sourceTree = "<group>"; };
/* End PBXFileReference section */

/* Begin PBXFrameworksBuildPhase section */
		CBE1A9BF235AA5AE00AEA9F9 /* Frameworks */ = {
			isa = PBXFrameworksBuildPhase;
			buildActionMask = 2147483647;
			files = (
				CBE1AAC0235ADA9D00AEA9F9 /* Library.framework in Frameworks */,
			);
			runOnlyForDeploymentPostprocessing = 0;
		};
		CBE1AA01235AA73000AEA9F9 /* Frameworks */ = {
			isa = PBXFrameworksBuildPhase;
			buildActionMask = 2147483647;
			files = (
				CBE1AA09235AA73000AEA9F9 /* Resources.framework in Frameworks */,
			);
			runOnlyForDeploymentPostprocessing = 0;
		};
/* End PBXFrameworksBuildPhase section */

/* Begin PBXGroup section */
		CBE1A9B8235AA5AE00AEA9F9 = {
			isa = PBXGroup;
			children = (
				CBE1A9C4235AA5AE00AEA9F9 /* Resources */,
				CBE1AA05235AA73000AEA9F9 /* ResourcesTests */,
				CBE1A9C3235AA5AE00AEA9F9 /* Products */,
				CBE1A9FA235AA6F500AEA9F9 /* Frameworks */,
			);
			sourceTree = "<group>";
		};
		CBE1A9C3235AA5AE00AEA9F9 /* Products */ = {
			isa = PBXGroup;
			children = (
				CBE1A9C2235AA5AE00AEA9F9 /* Resources.framework */,
				CBE1AA04235AA73000AEA9F9 /* ResourcesTests.xctest */,
			);
			name = Products;
			sourceTree = "<group>";
		};
		CBE1A9C4235AA5AE00AEA9F9 /* Resources */ = {
			isa = PBXGroup;
			children = (
				CBE1A9CF235AA60300AEA9F9 /* Sources */,
				CBE1A9C5235AA5AE00AEA9F9 /* Resources.h */,
				CBE1A9C6235AA5AE00AEA9F9 /* Info.plist */,
				CBE1A9CD235AA5E100AEA9F9 /* Images.xcassets */,
			);
			path = Resources;
			sourceTree = "<group>";
		};
		CBE1A9CF235AA60300AEA9F9 /* Sources */ = {
			isa = PBXGroup;
			children = (
				CBE1A9D0235AA61100AEA9F9 /* R.swift */,
				CBE1A9D2235AA61A00AEA9F9 /* Extension.swift */,
				CBE1AABB235AD9AF00AEA9F9 /* ThemeColors.swift */,
				CBF894712396A51700FEC547 /* Image */,
				CBF894702396A4F700FEC547 /* Storyboard */,
			);
			path = Sources;
			sourceTree = "<group>";
		};
		CBE1A9FA235AA6F500AEA9F9 /* Frameworks */ = {
			isa = PBXGroup;
			children = (
				CBE1AABF235ADA9D00AEA9F9 /* Library.framework */,
			);
			name = Frameworks;
			sourceTree = "<group>";
		};
		CBE1AA05235AA73000AEA9F9 /* ResourcesTests */ = {
			isa = PBXGroup;
			children = (
				CBE1AA06235AA73000AEA9F9 /* ResourcesTests.swift */,
				CBE1AA08235AA73000AEA9F9 /* Info.plist */,
			);
			path = ResourcesTests;
			sourceTree = "<group>";
		};
		CBF894702396A4F700FEC547 /* Storyboard */ = {
			isa = PBXGroup;
			children = (
				CBF894742396A58000FEC547 /* R+Storyboard.swift */,
				CBF894762396A74900FEC547 /* SettingsViewController.storyboard */,
				CBF894782396A75F00FEC547 /* ClockViewController.storyboard */,
			);
			path = Storyboard;
			sourceTree = "<group>";
		};
		CBF894712396A51700FEC547 /* Image */ = {
			isa = PBXGroup;
			children = (
				CBF894722396A52200FEC547 /* R+Image.swift */,
			);
			path = Image;
			sourceTree = "<group>";
		};
/* End PBXGroup section */

/* Begin PBXHeadersBuildPhase section */
		CBE1A9BD235AA5AE00AEA9F9 /* Headers */ = {
			isa = PBXHeadersBuildPhase;
			buildActionMask = 2147483647;
			files = (
				CBE1A9C7235AA5AE00AEA9F9 /* Resources.h in Headers */,
			);
			runOnlyForDeploymentPostprocessing = 0;
		};
/* End PBXHeadersBuildPhase section */

/* Begin PBXNativeTarget section */
		CBE1A9C1235AA5AE00AEA9F9 /* Resources */ = {
			isa = PBXNativeTarget;
			buildConfigurationList = CBE1A9CA235AA5AE00AEA9F9 /* Build configuration list for PBXNativeTarget "Resources" */;
			buildPhases = (
				CBE1A9BD235AA5AE00AEA9F9 /* Headers */,
				CBE1A9BE235AA5AE00AEA9F9 /* Sources */,
				CBE1A9BF235AA5AE00AEA9F9 /* Frameworks */,
				CBE1A9C0235AA5AE00AEA9F9 /* Resources */,
			);
			buildRules = (
			);
			dependencies = (
			);
			name = Resources;
			productName = Resources;
			productReference = CBE1A9C2235AA5AE00AEA9F9 /* Resources.framework */;
			productType = "com.apple.product-type.framework";
		};
		CBE1AA03235AA73000AEA9F9 /* ResourcesTests */ = {
			isa = PBXNativeTarget;
			buildConfigurationList = CBE1AA0C235AA73000AEA9F9 /* Build configuration list for PBXNativeTarget "ResourcesTests" */;
			buildPhases = (
				CBE1AA00235AA73000AEA9F9 /* Sources */,
				CBE1AA01235AA73000AEA9F9 /* Frameworks */,
				CBE1AA02235AA73000AEA9F9 /* Resources */,
			);
			buildRules = (
			);
			dependencies = (
				CBE1AA0B235AA73000AEA9F9 /* PBXTargetDependency */,
			);
			name = ResourcesTests;
			productName = ResourcesTests;
			productReference = CBE1AA04235AA73000AEA9F9 /* ResourcesTests.xctest */;
			productType = "com.apple.product-type.bundle.unit-test";
		};
/* End PBXNativeTarget section */

/* Begin PBXProject section */
		CBE1A9B9235AA5AE00AEA9F9 /* Project object */ = {
			isa = PBXProject;
			attributes = {
				LastSwiftUpdateCheck = 1100;
				LastUpgradeCheck = 1100;
				ORGANIZATIONNAME = minsone;
				TargetAttributes = {
					CBE1A9C1235AA5AE00AEA9F9 = {
						CreatedOnToolsVersion = 11.0;
						LastSwiftMigration = 1100;
					};
					CBE1AA03235AA73000AEA9F9 = {
						CreatedOnToolsVersion = 11.0;
					};
				};
			};
			buildConfigurationList = CBE1A9BC235AA5AE00AEA9F9 /* Build configuration list for PBXProject "Resources" */;
			compatibilityVersion = "Xcode 9.3";
			developmentRegion = en;
			hasScannedForEncodings = 0;
			knownRegions = (
				en,
				Base,
			);
			mainGroup = CBE1A9B8235AA5AE00AEA9F9;
			productRefGroup = CBE1A9C3235AA5AE00AEA9F9 /* Products */;
			projectDirPath = "";
			projectRoot = "";
			targets = (
				CBE1A9C1235AA5AE00AEA9F9 /* Resources */,
				CBE1AA03235AA73000AEA9F9 /* ResourcesTests */,
			);
		};
/* End PBXProject section */

/* Begin PBXResourcesBuildPhase section */
		CBE1A9C0235AA5AE00AEA9F9 /* Resources */ = {
			isa = PBXResourcesBuildPhase;
			buildActionMask = 2147483647;
			files = (
				CBF894792396A76800FEC547 /* ClockViewController.storyboard in Resources */,
				CBF8947A2396A77000FEC547 /* SettingsViewController.storyboard in Resources */,
				CBE1A9CE235AA5E100AEA9F9 /* Images.xcassets in Resources */,
			);
			runOnlyForDeploymentPostprocessing = 0;
		};
		CBE1AA02235AA73000AEA9F9 /* Resources */ = {
			isa = PBXResourcesBuildPhase;
			buildActionMask = 2147483647;
			files = (
			);
			runOnlyForDeploymentPostprocessing = 0;
		};
/* End PBXResourcesBuildPhase section */

/* Begin PBXSourcesBuildPhase section */
		CBE1A9BE235AA5AE00AEA9F9 /* Sources */ = {
			isa = PBXSourcesBuildPhase;
			buildActionMask = 2147483647;
			files = (
				CBF894732396A52200FEC547 /* R+Image.swift in Sources */,
				CBE1A9D1235AA61100AEA9F9 /* R.swift in Sources */,
				CBE1A9D3235AA61A00AEA9F9 /* Extension.swift in Sources */,
				CBF894752396A58000FEC547 /* R+Storyboard.swift in Sources */,
				CBE1AABC235AD9AF00AEA9F9 /* ThemeColors.swift in Sources */,
			);
			runOnlyForDeploymentPostprocessing = 0;
		};
		CBE1AA00235AA73000AEA9F9 /* Sources */ = {
			isa = PBXSourcesBuildPhase;
			buildActionMask = 2147483647;
			files = (
				CBE1AA07235AA73000AEA9F9 /* ResourcesTests.swift in Sources */,
			);
			runOnlyForDeploymentPostprocessing = 0;
		};
/* End PBXSourcesBuildPhase section */

/* Begin PBXTargetDependency section */
		CBE1AA0B235AA73000AEA9F9 /* PBXTargetDependency */ = {
			isa = PBXTargetDependency;
			target = CBE1A9C1235AA5AE00AEA9F9 /* Resources */;
			targetProxy = CBE1AA0A235AA73000AEA9F9 /* PBXContainerItemProxy */;
		};
/* End PBXTargetDependency section */

/* Begin PBXVariantGroup section */
		CBF894782396A75F00FEC547 /* ClockViewController.storyboard */ = {
			isa = PBXVariantGroup;
			children = (
				CBF894772396A75F00FEC547 /* Base */,
			);
			name = ClockViewController.storyboard;
			sourceTree = "<group>";
		};
/* End PBXVariantGroup section */

/* Begin XCBuildConfiguration section */
		CBE1A9C8235AA5AE00AEA9F9 /* Debug */ = {
			isa = XCBuildConfiguration;
			buildSettings = {
				ALWAYS_SEARCH_USER_PATHS = NO;
				CLANG_ANALYZER_NONNULL = YES;
				CLANG_ANALYZER_NUMBER_OBJECT_CONVERSION = YES_AGGRESSIVE;
				CLANG_CXX_LANGUAGE_STANDARD = "gnu++14";
				CLANG_CXX_LIBRARY = "libc++";
				CLANG_ENABLE_MODULES = YES;
				CLANG_ENABLE_OBJC_ARC = YES;
				CLANG_ENABLE_OBJC_WEAK = YES;
				CLANG_WARN_BLOCK_CAPTURE_AUTORELEASING = YES;
				CLANG_WARN_BOOL_CONVERSION = YES;
				CLANG_WARN_COMMA = YES;
				CLANG_WARN_CONSTANT_CONVERSION = YES;
				CLANG_WARN_DEPRECATED_OBJC_IMPLEMENTATIONS = YES;
				CLANG_WARN_DIRECT_OBJC_ISA_USAGE = YES_ERROR;
				CLANG_WARN_DOCUMENTATION_COMMENTS = YES;
				CLANG_WARN_EMPTY_BODY = YES;
				CLANG_WARN_ENUM_CONVERSION = YES;
				CLANG_WARN_INFINITE_RECURSION = YES;
				CLANG_WARN_INT_CONVERSION = YES;
				CLANG_WARN_NON_LITERAL_NULL_CONVERSION = YES;
				CLANG_WARN_OBJC_IMPLICIT_RETAIN_SELF = YES;
				CLANG_WARN_OBJC_LITERAL_CONVERSION = YES;
				CLANG_WARN_OBJC_ROOT_CLASS = YES_ERROR;
				CLANG_WARN_RANGE_LOOP_ANALYSIS = YES;
				CLANG_WARN_STRICT_PROTOTYPES = YES;
				CLANG_WARN_SUSPICIOUS_MOVE = YES;
				CLANG_WARN_UNGUARDED_AVAILABILITY = YES_AGGRESSIVE;
				CLANG_WARN_UNREACHABLE_CODE = YES;
				CLANG_WARN__DUPLICATE_METHOD_MATCH = YES;
				COPY_PHASE_STRIP = NO;
				CURRENT_PROJECT_VERSION = 1;
				DEBUG_INFORMATION_FORMAT = dwarf;
				ENABLE_STRICT_OBJC_MSGSEND = YES;
				ENABLE_TESTABILITY = YES;
				GCC_C_LANGUAGE_STANDARD = gnu11;
				GCC_DYNAMIC_NO_PIC = NO;
				GCC_NO_COMMON_BLOCKS = YES;
				GCC_OPTIMIZATION_LEVEL = 0;
				GCC_PREPROCESSOR_DEFINITIONS = (
					"DEBUG=1",
					"$(inherited)",
				);
				GCC_WARN_64_TO_32_BIT_CONVERSION = YES;
				GCC_WARN_ABOUT_RETURN_TYPE = YES_ERROR;
				GCC_WARN_UNDECLARED_SELECTOR = YES;
				GCC_WARN_UNINITIALIZED_AUTOS = YES_AGGRESSIVE;
				GCC_WARN_UNUSED_FUNCTION = YES;
				GCC_WARN_UNUSED_VARIABLE = YES;
				IPHONEOS_DEPLOYMENT_TARGET = 11.0;
				MTL_ENABLE_DEBUG_INFO = INCLUDE_SOURCE;
				MTL_FAST_MATH = YES;
				ONLY_ACTIVE_ARCH = YES;
				SDKROOT = iphoneos;
				SWIFT_ACTIVE_COMPILATION_CONDITIONS = DEBUG;
				SWIFT_OPTIMIZATION_LEVEL = "-Onone";
				VERSIONING_SYSTEM = "apple-generic";
				VERSION_INFO_PREFIX = "";
			};
			name = Debug;
		};
		CBE1A9C9235AA5AE00AEA9F9 /* Release */ = {
			isa = XCBuildConfiguration;
			buildSettings = {
				ALWAYS_SEARCH_USER_PATHS = NO;
				CLANG_ANALYZER_NONNULL = YES;
				CLANG_ANALYZER_NUMBER_OBJECT_CONVERSION = YES_AGGRESSIVE;
				CLANG_CXX_LANGUAGE_STANDARD = "gnu++14";
				CLANG_CXX_LIBRARY = "libc++";
				CLANG_ENABLE_MODULES = YES;
				CLANG_ENABLE_OBJC_ARC = YES;
				CLANG_ENABLE_OBJC_WEAK = YES;
				CLANG_WARN_BLOCK_CAPTURE_AUTORELEASING = YES;
				CLANG_WARN_BOOL_CONVERSION = YES;
				CLANG_WARN_COMMA = YES;
				CLANG_WARN_CONSTANT_CONVERSION = YES;
				CLANG_WARN_DEPRECATED_OBJC_IMPLEMENTATIONS = YES;
				CLANG_WARN_DIRECT_OBJC_ISA_USAGE = YES_ERROR;
				CLANG_WARN_DOCUMENTATION_COMMENTS = YES;
				CLANG_WARN_EMPTY_BODY = YES;
				CLANG_WARN_ENUM_CONVERSION = YES;
				CLANG_WARN_INFINITE_RECURSION = YES;
				CLANG_WARN_INT_CONVERSION = YES;
				CLANG_WARN_NON_LITERAL_NULL_CONVERSION = YES;
				CLANG_WARN_OBJC_IMPLICIT_RETAIN_SELF = YES;
				CLANG_WARN_OBJC_LITERAL_CONVERSION = YES;
				CLANG_WARN_OBJC_ROOT_CLASS = YES_ERROR;
				CLANG_WARN_RANGE_LOOP_ANALYSIS = YES;
				CLANG_WARN_STRICT_PROTOTYPES = YES;
				CLANG_WARN_SUSPICIOUS_MOVE = YES;
				CLANG_WARN_UNGUARDED_AVAILABILITY = YES_AGGRESSIVE;
				CLANG_WARN_UNREACHABLE_CODE = YES;
				CLANG_WARN__DUPLICATE_METHOD_MATCH = YES;
				COPY_PHASE_STRIP = NO;
				CURRENT_PROJECT_VERSION = 1;
				DEBUG_INFORMATION_FORMAT = "dwarf-with-dsym";
				ENABLE_NS_ASSERTIONS = NO;
				ENABLE_STRICT_OBJC_MSGSEND = YES;
				GCC_C_LANGUAGE_STANDARD = gnu11;
				GCC_NO_COMMON_BLOCKS = YES;
				GCC_WARN_64_TO_32_BIT_CONVERSION = YES;
				GCC_WARN_ABOUT_RETURN_TYPE = YES_ERROR;
				GCC_WARN_UNDECLARED_SELECTOR = YES;
				GCC_WARN_UNINITIALIZED_AUTOS = YES_AGGRESSIVE;
				GCC_WARN_UNUSED_FUNCTION = YES;
				GCC_WARN_UNUSED_VARIABLE = YES;
				IPHONEOS_DEPLOYMENT_TARGET = 11.0;
				MTL_ENABLE_DEBUG_INFO = NO;
				MTL_FAST_MATH = YES;
				SDKROOT = iphoneos;
				SWIFT_COMPILATION_MODE = wholemodule;
				SWIFT_OPTIMIZATION_LEVEL = "-O";
				VALIDATE_PRODUCT = YES;
				VERSIONING_SYSTEM = "apple-generic";
				VERSION_INFO_PREFIX = "";
			};
			name = Release;
		};
		CBE1A9CB235AA5AE00AEA9F9 /* Debug */ = {
			isa = XCBuildConfiguration;
			buildSettings = {
				CLANG_ENABLE_MODULES = YES;
				CODE_SIGN_STYLE = Automatic;
				DEFINES_MODULE = YES;
				DEVELOPMENT_TEAM = 6794ZU679A;
				DYLIB_COMPATIBILITY_VERSION = 1;
				DYLIB_CURRENT_VERSION = 1;
				DYLIB_INSTALL_NAME_BASE = "@rpath";
				INFOPLIST_FILE = Resources/Info.plist;
				INSTALL_PATH = "$(LOCAL_LIBRARY_DIR)/Frameworks";
				LD_RUNPATH_SEARCH_PATHS = (
					"$(inherited)",
					"@executable_path/Frameworks",
					"@loader_path/Frameworks",
				);
				PRODUCT_BUNDLE_IDENTIFIER = kr.minsOne.DigitClock.Resources;
				PRODUCT_NAME = "$(TARGET_NAME:c99extidentifier)";
				SKIP_INSTALL = YES;
				SWIFT_OPTIMIZATION_LEVEL = "-Onone";
				SWIFT_VERSION = 5.0;
				TARGETED_DEVICE_FAMILY = "1,2";
			};
			name = Debug;
		};
		CBE1A9CC235AA5AE00AEA9F9 /* Release */ = {
			isa = XCBuildConfiguration;
			buildSettings = {
				CLANG_ENABLE_MODULES = YES;
				CODE_SIGN_STYLE = Automatic;
				DEFINES_MODULE = YES;
				DEVELOPMENT_TEAM = 6794ZU679A;
				DYLIB_COMPATIBILITY_VERSION = 1;
				DYLIB_CURRENT_VERSION = 1;
				DYLIB_INSTALL_NAME_BASE = "@rpath";
				INFOPLIST_FILE = Resources/Info.plist;
				INSTALL_PATH = "$(LOCAL_LIBRARY_DIR)/Frameworks";
				LD_RUNPATH_SEARCH_PATHS = (
					"$(inherited)",
					"@executable_path/Frameworks",
					"@loader_path/Frameworks",
				);
				PRODUCT_BUNDLE_IDENTIFIER = kr.minsOne.DigitClock.Resources;
				PRODUCT_NAME = "$(TARGET_NAME:c99extidentifier)";
				SKIP_INSTALL = YES;
				SWIFT_VERSION = 5.0;
				TARGETED_DEVICE_FAMILY = "1,2";
			};
			name = Release;
		};
		CBE1AA0D235AA73000AEA9F9 /* Debug */ = {
			isa = XCBuildConfiguration;
			buildSettings = {
				CODE_SIGN_STYLE = Automatic;
				DEVELOPMENT_TEAM = 6794ZU679A;
				INFOPLIST_FILE = ResourcesTests/Info.plist;
				IPHONEOS_DEPLOYMENT_TARGET = 13.0;
				LD_RUNPATH_SEARCH_PATHS = (
					"$(inherited)",
					"@executable_path/Frameworks",
					"@loader_path/Frameworks",
				);
				PRODUCT_BUNDLE_IDENTIFIER = kr.minsOne.DigitClock.ResourcesTests;
				PRODUCT_NAME = "$(TARGET_NAME)";
				SWIFT_VERSION = 5.0;
				TARGETED_DEVICE_FAMILY = "1,2";
			};
			name = Debug;
		};
		CBE1AA0E235AA73000AEA9F9 /* Release */ = {
			isa = XCBuildConfiguration;
			buildSettings = {
				CODE_SIGN_STYLE = Automatic;
				DEVELOPMENT_TEAM = 6794ZU679A;
				INFOPLIST_FILE = ResourcesTests/Info.plist;
				IPHONEOS_DEPLOYMENT_TARGET = 13.0;
				LD_RUNPATH_SEARCH_PATHS = (
					"$(inherited)",
					"@executable_path/Frameworks",
					"@loader_path/Frameworks",
				);
				PRODUCT_BUNDLE_IDENTIFIER = kr.minsOne.DigitClock.ResourcesTests;
				PRODUCT_NAME = "$(TARGET_NAME)";
				SWIFT_VERSION = 5.0;
				TARGETED_DEVICE_FAMILY = "1,2";
			};
			name = Release;
		};
/* End XCBuildConfiguration section */

/* Begin XCConfigurationList section */
		CBE1A9BC235AA5AE00AEA9F9 /* Build configuration list for PBXProject "Resources" */ = {
			isa = XCConfigurationList;
			buildConfigurations = (
				CBE1A9C8235AA5AE00AEA9F9 /* Debug */,
				CBE1A9C9235AA5AE00AEA9F9 /* Release */,
			);
			defaultConfigurationIsVisible = 0;
			defaultConfigurationName = Release;
		};
		CBE1A9CA235AA5AE00AEA9F9 /* Build configuration list for PBXNativeTarget "Resources" */ = {
			isa = XCConfigurationList;
			buildConfigurations = (
				CBE1A9CB235AA5AE00AEA9F9 /* Debug */,
				CBE1A9CC235AA5AE00AEA9F9 /* Release */,
			);
			defaultConfigurationIsVisible = 0;
			defaultConfigurationName = Release;
		};
		CBE1AA0C235AA73000AEA9F9 /* Build configuration list for PBXNativeTarget "ResourcesTests" */ = {
			isa = XCConfigurationList;
			buildConfigurations = (
				CBE1AA0D235AA73000AEA9F9 /* Debug */,
				CBE1AA0E235AA73000AEA9F9 /* Release */,
			);
			defaultConfigurationIsVisible = 0;
			defaultConfigurationName = Release;
		};
/* End XCConfigurationList section */
	};
	rootObject = CBE1A9B9235AA5AE00AEA9F9 /* Project object */;
}
