// !$*UTF8*$!
{
	archiveVersion = 1;
	classes = {
	};
	objectVersion = 46;
	objects = {

/* Begin PBXBuildFile section */
		CB79CF3B1AF346E90019B9F5 /* ThemeColor.swift in Sources */ = {isa = PBXBuildFile; fileRef = CB79CF3A1AF346E90019B9F5 /* ThemeColor.swift */; };
		CB999B051AE78E6300CDB674 /* AppDelegate.swift in Sources */ = {isa = PBXBuildFile; fileRef = CB999B041AE78E6300CDB674 /* AppDelegate.swift */; };
		CB999B071AE78E6300CDB674 /* DigitClockViewController.swift in Sources */ = {isa = PBXBuildFile; fileRef = CB999B061AE78E6300CDB674 /* DigitClockViewController.swift */; };
		CB999B0A1AE78E6300CDB674 /* Main.storyboard in Resources */ = {isa = PBXBuildFile; fileRef = CB999B081AE78E6300CDB674 /* Main.storyboard */; };
		CB999B0C1AE78E6300CDB674 /* Images.xcassets in Resources */ = {isa = PBXBuildFile; fileRef = CB999B0B1AE78E6300CDB674 /* Images.xcassets */; };
		CB999B0F1AE78E6300CDB674 /* LaunchScreen.xib in Resources */ = {isa = PBXBuildFile; fileRef = CB999B0D1AE78E6300CDB674 /* LaunchScreen.xib */; };
		CB999B1B1AE78E6300CDB674 /* DigitClockinSwiftTests.swift in Sources */ = {isa = PBXBuildFile; fileRef = CB999B1A1AE78E6300CDB674 /* DigitClockinSwiftTests.swift */; };
		CB999B2B1AEB5AAA00CDB674 /* SettingTableViewController.swift in Sources */ = {isa = PBXBuildFile; fileRef = CB999B2A1AEB5AAA00CDB674 /* SettingTableViewController.swift */; };
		CB999B2F1AEB713600CDB674 /* SettingThemeTableViewCell.swift in Sources */ = {isa = PBXBuildFile; fileRef = CB999B2E1AEB713600CDB674 /* SettingThemeTableViewCell.swift */; };
		CB999B671AF0BBB700CDB674 /* NSDateExtension.swift in Sources */ = {isa = PBXBuildFile; fileRef = CB999B661AF0BBB700CDB674 /* NSDateExtension.swift */; };
		CB999B6C1AF0CB0B00CDB674 /* SettingMakerTableViewCell.swift in Sources */ = {isa = PBXBuildFile; fileRef = CB999B6B1AF0CB0B00CDB674 /* SettingMakerTableViewCell.swift */; };
		CB999B6E1AF0CB1C00CDB674 /* SettingVersionTableViewCell.swift in Sources */ = {isa = PBXBuildFile; fileRef = CB999B6D1AF0CB1C00CDB674 /* SettingVersionTableViewCell.swift */; };
		CB999B721AF0D23B00CDB674 /* UIColorExtension.swift in Sources */ = {isa = PBXBuildFile; fileRef = CB999B711AF0D23B00CDB674 /* UIColorExtension.swift */; };
		CB999B741AF1182900CDB674 /* SettingTableViewCell.swift in Sources */ = {isa = PBXBuildFile; fileRef = CB999B731AF1182900CDB674 /* SettingTableViewCell.swift */; };
/* End PBXBuildFile section */

/* Begin PBXContainerItemProxy section */
		CB999B151AE78E6300CDB674 /* PBXContainerItemProxy */ = {
			isa = PBXContainerItemProxy;
			containerPortal = CB999AF71AE78E6300CDB674 /* Project object */;
			proxyType = 1;
			remoteGlobalIDString = CB999AFE1AE78E6300CDB674;
			remoteInfo = DigitClockinSwift;
		};
/* End PBXContainerItemProxy section */

/* Begin PBXFileReference section */
		CB79CF3A1AF346E90019B9F5 /* ThemeColor.swift */ = {isa = PBXFileReference; fileEncoding = 4; lastKnownFileType = sourcecode.swift; path = ThemeColor.swift; sourceTree = "<group>"; };
		CB999AFF1AE78E6300CDB674 /* DigitClockinSwift.app */ = {isa = PBXFileReference; explicitFileType = wrapper.application; includeInIndex = 0; path = DigitClockinSwift.app; sourceTree = BUILT_PRODUCTS_DIR; };
		CB999B031AE78E6300CDB674 /* Info.plist */ = {isa = PBXFileReference; lastKnownFileType = text.plist.xml; path = Info.plist; sourceTree = "<group>"; };
		CB999B041AE78E6300CDB674 /* AppDelegate.swift */ = {isa = PBXFileReference; lastKnownFileType = sourcecode.swift; path = AppDelegate.swift; sourceTree = "<group>"; };
		CB999B061AE78E6300CDB674 /* DigitClockViewController.swift */ = {isa = PBXFileReference; lastKnownFileType = sourcecode.swift; path = DigitClockViewController.swift; sourceTree = "<group>"; };
		CB999B091AE78E6300CDB674 /* Base */ = {isa = PBXFileReference; lastKnownFileType = file.storyboard; name = Base; path = Base.lproj/Main.storyboard; sourceTree = "<group>"; };
		CB999B0B1AE78E6300CDB674 /* Images.xcassets */ = {isa = PBXFileReference; lastKnownFileType = folder.assetcatalog; path = Images.xcassets; sourceTree = "<group>"; };
		CB999B0E1AE78E6300CDB674 /* Base */ = {isa = PBXFileReference; lastKnownFileType = file.xib; name = Base; path = Base.lproj/LaunchScreen.xib; sourceTree = "<group>"; };
		CB999B141AE78E6300CDB674 /* DigitClockinSwiftTests.xctest */ = {isa = PBXFileReference; explicitFileType = wrapper.cfbundle; includeInIndex = 0; path = DigitClockinSwiftTests.xctest; sourceTree = BUILT_PRODUCTS_DIR; };
		CB999B191AE78E6300CDB674 /* Info.plist */ = {isa = PBXFileReference; lastKnownFileType = text.plist.xml; path = Info.plist; sourceTree = "<group>"; };
		CB999B1A1AE78E6300CDB674 /* DigitClockinSwiftTests.swift */ = {isa = PBXFileReference; lastKnownFileType = sourcecode.swift; path = DigitClockinSwiftTests.swift; sourceTree = "<group>"; };
		CB999B2A1AEB5AAA00CDB674 /* SettingTableViewController.swift */ = {isa = PBXFileReference; fileEncoding = 4; lastKnownFileType = sourcecode.swift; path = SettingTableViewController.swift; sourceTree = "<group>"; };
		CB999B2E1AEB713600CDB674 /* SettingThemeTableViewCell.swift */ = {isa = PBXFileReference; fileEncoding = 4; lastKnownFileType = sourcecode.swift; path = SettingThemeTableViewCell.swift; sourceTree = "<group>"; };
		CB999B661AF0BBB700CDB674 /* NSDateExtension.swift */ = {isa = PBXFileReference; fileEncoding = 4; lastKnownFileType = sourcecode.swift; path = NSDateExtension.swift; sourceTree = "<group>"; };
		CB999B6B1AF0CB0B00CDB674 /* SettingMakerTableViewCell.swift */ = {isa = PBXFileReference; fileEncoding = 4; lastKnownFileType = sourcecode.swift; path = SettingMakerTableViewCell.swift; sourceTree = "<group>"; };
		CB999B6D1AF0CB1C00CDB674 /* SettingVersionTableViewCell.swift */ = {isa = PBXFileReference; fileEncoding = 4; lastKnownFileType = sourcecode.swift; path = SettingVersionTableViewCell.swift; sourceTree = "<group>"; };
		CB999B711AF0D23B00CDB674 /* UIColorExtension.swift */ = {isa = PBXFileReference; fileEncoding = 4; lastKnownFileType = sourcecode.swift; path = UIColorExtension.swift; sourceTree = "<group>"; };
		CB999B731AF1182900CDB674 /* SettingTableViewCell.swift */ = {isa = PBXFileReference; fileEncoding = 4; lastKnownFileType = sourcecode.swift; path = SettingTableViewCell.swift; sourceTree = "<group>"; };
/* End PBXFileReference section */

/* Begin PBXFrameworksBuildPhase section */
		CB999AFC1AE78E6300CDB674 /* Frameworks */ = {
			isa = PBXFrameworksBuildPhase;
			buildActionMask = 2147483647;
			files = (
			);
			runOnlyForDeploymentPostprocessing = 0;
		};
		CB999B111AE78E6300CDB674 /* Frameworks */ = {
			isa = PBXFrameworksBuildPhase;
			buildActionMask = 2147483647;
			files = (
			);
			runOnlyForDeploymentPostprocessing = 0;
		};
/* End PBXFrameworksBuildPhase section */

/* Begin PBXGroup section */
		CB79CF3C1AF346EE0019B9F5 /* Model */ = {
			isa = PBXGroup;
			children = (
				CB79CF3A1AF346E90019B9F5 /* ThemeColor.swift */,
			);
			name = Model;
			sourceTree = "<group>";
		};
		CB999AF61AE78E6300CDB674 = {
			isa = PBXGroup;
			children = (
				CB999B011AE78E6300CDB674 /* DigitClockinSwift */,
				CB999B171AE78E6300CDB674 /* DigitClockinSwiftTests */,
				CB999B001AE78E6300CDB674 /* Products */,
			);
			sourceTree = "<group>";
		};
		CB999B001AE78E6300CDB674 /* Products */ = {
			isa = PBXGroup;
			children = (
				CB999AFF1AE78E6300CDB674 /* DigitClockinSwift.app */,
				CB999B141AE78E6300CDB674 /* DigitClockinSwiftTests.xctest */,
			);
			name = Products;
			sourceTree = "<group>";
		};
		CB999B011AE78E6300CDB674 /* DigitClockinSwift */ = {
			isa = PBXGroup;
			children = (
				CB999B681AF0C53800CDB674 /* Library */,
				CB999B041AE78E6300CDB674 /* AppDelegate.swift */,
				CB79CF3C1AF346EE0019B9F5 /* Model */,
				CB999B2D1AEB5B1E00CDB674 /* View */,
				CB999B2C1AEB5B0600CDB674 /* Controller */,
				CB999B021AE78E6300CDB674 /* Supporting Files */,
			);
			path = DigitClockinSwift;
			sourceTree = "<group>";
		};
		CB999B021AE78E6300CDB674 /* Supporting Files */ = {
			isa = PBXGroup;
			children = (
				CB999B081AE78E6300CDB674 /* Main.storyboard */,
				CB999B0B1AE78E6300CDB674 /* Images.xcassets */,
				CB999B0D1AE78E6300CDB674 /* LaunchScreen.xib */,
				CB999B031AE78E6300CDB674 /* Info.plist */,
			);
			name = "Supporting Files";
			sourceTree = "<group>";
		};
		CB999B171AE78E6300CDB674 /* DigitClockinSwiftTests */ = {
			isa = PBXGroup;
			children = (
				CB999B1A1AE78E6300CDB674 /* DigitClockinSwiftTests.swift */,
				CB999B181AE78E6300CDB674 /* Supporting Files */,
			);
			path = DigitClockinSwiftTests;
			sourceTree = "<group>";
		};
		CB999B181AE78E6300CDB674 /* Supporting Files */ = {
			isa = PBXGroup;
			children = (
				CB999B191AE78E6300CDB674 /* Info.plist */,
			);
			name = "Supporting Files";
			sourceTree = "<group>";
		};
		CB999B2C1AEB5B0600CDB674 /* Controller */ = {
			isa = PBXGroup;
			children = (
				CB999B061AE78E6300CDB674 /* DigitClockViewController.swift */,
				CB999B2A1AEB5AAA00CDB674 /* SettingTableViewController.swift */,
			);
			name = Controller;
			sourceTree = "<group>";
		};
		CB999B2D1AEB5B1E00CDB674 /* View */ = {
			isa = PBXGroup;
			children = (
				CB999B2E1AEB713600CDB674 /* SettingThemeTableViewCell.swift */,
				CB999B6B1AF0CB0B00CDB674 /* SettingMakerTableViewCell.swift */,
				CB999B6D1AF0CB1C00CDB674 /* SettingVersionTableViewCell.swift */,
				CB999B731AF1182900CDB674 /* SettingTableViewCell.swift */,
			);
			name = View;
			sourceTree = "<group>";
		};
		CB999B681AF0C53800CDB674 /* Library */ = {
			isa = PBXGroup;
			children = (
				CB999B661AF0BBB700CDB674 /* NSDateExtension.swift */,
				CB999B711AF0D23B00CDB674 /* UIColorExtension.swift */,
			);
			name = Library;
			sourceTree = "<group>";
		};
/* End PBXGroup section */

/* Begin PBXNativeTarget section */
		CB999AFE1AE78E6300CDB674 /* DigitClockinSwift */ = {
			isa = PBXNativeTarget;
			buildConfigurationList = CB999B1E1AE78E6300CDB674 /* Build configuration list for PBXNativeTarget "DigitClockinSwift" */;
			buildPhases = (
				CB999AFB1AE78E6300CDB674 /* Sources */,
				CB999AFC1AE78E6300CDB674 /* Frameworks */,
				CB999AFD1AE78E6300CDB674 /* Resources */,
			);
			buildRules = (
			);
			dependencies = (
			);
			name = DigitClockinSwift;
			productName = DigitClockinSwift;
			productReference = CB999AFF1AE78E6300CDB674 /* DigitClockinSwift.app */;
			productType = "com.apple.product-type.application";
		};
		CB999B131AE78E6300CDB674 /* DigitClockinSwiftTests */ = {
			isa = PBXNativeTarget;
			buildConfigurationList = CB999B211AE78E6300CDB674 /* Build configuration list for PBXNativeTarget "DigitClockinSwiftTests" */;
			buildPhases = (
				CB999B101AE78E6300CDB674 /* Sources */,
				CB999B111AE78E6300CDB674 /* Frameworks */,
				CB999B121AE78E6300CDB674 /* Resources */,
			);
			buildRules = (
			);
			dependencies = (
				CB999B161AE78E6300CDB674 /* PBXTargetDependency */,
			);
			name = DigitClockinSwiftTests;
			productName = DigitClockinSwiftTests;
			productReference = CB999B141AE78E6300CDB674 /* DigitClockinSwiftTests.xctest */;
			productType = "com.apple.product-type.bundle.unit-test";
		};
/* End PBXNativeTarget section */

/* Begin PBXProject section */
		CB999AF71AE78E6300CDB674 /* Project object */ = {
			isa = PBXProject;
			attributes = {
				LastUpgradeCheck = 0630;
				ORGANIZATIONNAME = minsOne;
				TargetAttributes = {
					CB999AFE1AE78E6300CDB674 = {
						CreatedOnToolsVersion = 6.3;
					};
					CB999B131AE78E6300CDB674 = {
						CreatedOnToolsVersion = 6.3;
						TestTargetID = CB999AFE1AE78E6300CDB674;
					};
				};
			};
			buildConfigurationList = CB999AFA1AE78E6300CDB674 /* Build configuration list for PBXProject "DigitClockinSwift" */;
			compatibilityVersion = "Xcode 3.2";
			developmentRegion = English;
			hasScannedForEncodings = 0;
			knownRegions = (
				en,
				Base,
			);
			mainGroup = CB999AF61AE78E6300CDB674;
			productRefGroup = CB999B001AE78E6300CDB674 /* Products */;
			projectDirPath = "";
			projectRoot = "";
			targets = (
				CB999AFE1AE78E6300CDB674 /* DigitClockinSwift */,
				CB999B131AE78E6300CDB674 /* DigitClockinSwiftTests */,
			);
		};
/* End PBXProject section */

/* Begin PBXResourcesBuildPhase section */
		CB999AFD1AE78E6300CDB674 /* Resources */ = {
			isa = PBXResourcesBuildPhase;
			buildActionMask = 2147483647;
			files = (
				CB999B0A1AE78E6300CDB674 /* Main.storyboard in Resources */,
				CB999B0F1AE78E6300CDB674 /* LaunchScreen.xib in Resources */,
				CB999B0C1AE78E6300CDB674 /* Images.xcassets in Resources */,
			);
			runOnlyForDeploymentPostprocessing = 0;
		};
		CB999B121AE78E6300CDB674 /* Resources */ = {
			isa = PBXResourcesBuildPhase;
			buildActionMask = 2147483647;
			files = (
			);
			runOnlyForDeploymentPostprocessing = 0;
		};
/* End PBXResourcesBuildPhase section */

/* Begin PBXSourcesBuildPhase section */
		CB999AFB1AE78E6300CDB674 /* Sources */ = {
			isa = PBXSourcesBuildPhase;
			buildActionMask = 2147483647;
			files = (
				CB999B2B1AEB5AAA00CDB674 /* SettingTableViewController.swift in Sources */,
				CB999B671AF0BBB700CDB674 /* NSDateExtension.swift in Sources */,
				CB999B2F1AEB713600CDB674 /* SettingThemeTableViewCell.swift in Sources */,
				CB999B741AF1182900CDB674 /* SettingTableViewCell.swift in Sources */,
				CB999B721AF0D23B00CDB674 /* UIColorExtension.swift in Sources */,
				CB999B071AE78E6300CDB674 /* DigitClockViewController.swift in Sources */,
				CB999B051AE78E6300CDB674 /* AppDelegate.swift in Sources */,
				CB999B6E1AF0CB1C00CDB674 /* SettingVersionTableViewCell.swift in Sources */,
				CB999B6C1AF0CB0B00CDB674 /* SettingMakerTableViewCell.swift in Sources */,
				CB79CF3B1AF346E90019B9F5 /* ThemeColor.swift in Sources */,
			);
			runOnlyForDeploymentPostprocessing = 0;
		};
		CB999B101AE78E6300CDB674 /* Sources */ = {
			isa = PBXSourcesBuildPhase;
			buildActionMask = 2147483647;
			files = (
				CB999B1B1AE78E6300CDB674 /* DigitClockinSwiftTests.swift in Sources */,
			);
			runOnlyForDeploymentPostprocessing = 0;
		};
/* End PBXSourcesBuildPhase section */

/* Begin PBXTargetDependency section */
		CB999B161AE78E6300CDB674 /* PBXTargetDependency */ = {
			isa = PBXTargetDependency;
			target = CB999AFE1AE78E6300CDB674 /* DigitClockinSwift */;
			targetProxy = CB999B151AE78E6300CDB674 /* PBXContainerItemProxy */;
		};
/* End PBXTargetDependency section */

/* Begin PBXVariantGroup section */
		CB999B081AE78E6300CDB674 /* Main.storyboard */ = {
			isa = PBXVariantGroup;
			children = (
				CB999B091AE78E6300CDB674 /* Base */,
			);
			name = Main.storyboard;
			sourceTree = "<group>";
		};
		CB999B0D1AE78E6300CDB674 /* LaunchScreen.xib */ = {
			isa = PBXVariantGroup;
			children = (
				CB999B0E1AE78E6300CDB674 /* Base */,
			);
			name = LaunchScreen.xib;
			sourceTree = "<group>";
		};
/* End PBXVariantGroup section */

/* Begin XCBuildConfiguration section */
		CB999B1C1AE78E6300CDB674 /* Debug */ = {
			isa = XCBuildConfiguration;
			buildSettings = {
				ALWAYS_SEARCH_USER_PATHS = NO;
				CLANG_CXX_LANGUAGE_STANDARD = "gnu++0x";
				CLANG_CXX_LIBRARY = "libc++";
				CLANG_ENABLE_MODULES = YES;
				CLANG_ENABLE_OBJC_ARC = YES;
				CLANG_WARN_BOOL_CONVERSION = YES;
				CLANG_WARN_CONSTANT_CONVERSION = YES;
				CLANG_WARN_DIRECT_OBJC_ISA_USAGE = YES_ERROR;
				CLANG_WARN_EMPTY_BODY = YES;
				CLANG_WARN_ENUM_CONVERSION = YES;
				CLANG_WARN_INT_CONVERSION = YES;
				CLANG_WARN_OBJC_ROOT_CLASS = YES_ERROR;
				CLANG_WARN_UNREACHABLE_CODE = YES;
				CLANG_WARN__DUPLICATE_METHOD_MATCH = YES;
				"CODE_SIGN_IDENTITY[sdk=iphoneos*]" = "iPhone Developer";
				COPY_PHASE_STRIP = NO;
				DEBUG_INFORMATION_FORMAT = "dwarf-with-dsym";
				ENABLE_STRICT_OBJC_MSGSEND = YES;
				GCC_C_LANGUAGE_STANDARD = gnu99;
				GCC_DYNAMIC_NO_PIC = NO;
				GCC_NO_COMMON_BLOCKS = YES;
				GCC_OPTIMIZATION_LEVEL = 0;
				GCC_PREPROCESSOR_DEFINITIONS = (
					"DEBUG=1",
					"$(inherited)",
				);
				GCC_SYMBOLS_PRIVATE_EXTERN = NO;
				GCC_WARN_64_TO_32_BIT_CONVERSION = YES;
				GCC_WARN_ABOUT_RETURN_TYPE = YES_ERROR;
				GCC_WARN_UNDECLARED_SELECTOR = YES;
				GCC_WARN_UNINITIALIZED_AUTOS = YES_AGGRESSIVE;
				GCC_WARN_UNUSED_FUNCTION = YES;
				GCC_WARN_UNUSED_VARIABLE = YES;
				IPHONEOS_DEPLOYMENT_TARGET = 8.3;
				MTL_ENABLE_DEBUG_INFO = YES;
				ONLY_ACTIVE_ARCH = YES;
				SDKROOT = iphoneos;
				SWIFT_OPTIMIZATION_LEVEL = "-Onone";
				TARGETED_DEVICE_FAMILY = "1,2";
			};
			name = Debug;
		};
		CB999B1D1AE78E6300CDB674 /* Release */ = {
			isa = XCBuildConfiguration;
			buildSettings = {
				ALWAYS_SEARCH_USER_PATHS = NO;
				CLANG_CXX_LANGUAGE_STANDARD = "gnu++0x";
				CLANG_CXX_LIBRARY = "libc++";
				CLANG_ENABLE_MODULES = YES;
				CLANG_ENABLE_OBJC_ARC = YES;
				CLANG_WARN_BOOL_CONVERSION = YES;
				CLANG_WARN_CONSTANT_CONVERSION = YES;
				CLANG_WARN_DIRECT_OBJC_ISA_USAGE = YES_ERROR;
				CLANG_WARN_EMPTY_BODY = YES;
				CLANG_WARN_ENUM_CONVERSION = YES;
				CLANG_WARN_INT_CONVERSION = YES;
				CLANG_WARN_OBJC_ROOT_CLASS = YES_ERROR;
				CLANG_WARN_UNREACHABLE_CODE = YES;
				CLANG_WARN__DUPLICATE_METHOD_MATCH = YES;
				"CODE_SIGN_IDENTITY[sdk=iphoneos*]" = "iPhone Developer";
				COPY_PHASE_STRIP = NO;
				DEBUG_INFORMATION_FORMAT = "dwarf-with-dsym";
				ENABLE_NS_ASSERTIONS = NO;
				ENABLE_STRICT_OBJC_MSGSEND = YES;
				GCC_C_LANGUAGE_STANDARD = gnu99;
				GCC_NO_COMMON_BLOCKS = YES;
				GCC_WARN_64_TO_32_BIT_CONVERSION = YES;
				GCC_WARN_ABOUT_RETURN_TYPE = YES_ERROR;
				GCC_WARN_UNDECLARED_SELECTOR = YES;
				GCC_WARN_UNINITIALIZED_AUTOS = YES_AGGRESSIVE;
				GCC_WARN_UNUSED_FUNCTION = YES;
				GCC_WARN_UNUSED_VARIABLE = YES;
				IPHONEOS_DEPLOYMENT_TARGET = 8.3;
				MTL_ENABLE_DEBUG_INFO = NO;
				SDKROOT = iphoneos;
				TARGETED_DEVICE_FAMILY = "1,2";
				VALIDATE_PRODUCT = YES;
			};
			name = Release;
		};
		CB999B1F1AE78E6300CDB674 /* Debug */ = {
			isa = XCBuildConfiguration;
			buildSettings = {
				ASSETCATALOG_COMPILER_APPICON_NAME = AppIcon;
				INFOPLIST_FILE = DigitClockinSwift/Info.plist;
				IPHONEOS_DEPLOYMENT_TARGET = 8.1;
				LD_RUNPATH_SEARCH_PATHS = "$(inherited) @executable_path/Frameworks";
				PRODUCT_NAME = "$(TARGET_NAME)";
				TARGETED_DEVICE_FAMILY = "1,2";
			};
			name = Debug;
		};
		CB999B201AE78E6300CDB674 /* Release */ = {
			isa = XCBuildConfiguration;
			buildSettings = {
				ASSETCATALOG_COMPILER_APPICON_NAME = AppIcon;
				INFOPLIST_FILE = DigitClockinSwift/Info.plist;
				IPHONEOS_DEPLOYMENT_TARGET = 8.1;
				LD_RUNPATH_SEARCH_PATHS = "$(inherited) @executable_path/Frameworks";
				PRODUCT_NAME = "$(TARGET_NAME)";
				TARGETED_DEVICE_FAMILY = "1,2";
			};
			name = Release;
		};
		CB999B221AE78E6300CDB674 /* Debug */ = {
			isa = XCBuildConfiguration;
			buildSettings = {
				BUNDLE_LOADER = "$(TEST_HOST)";
				FRAMEWORK_SEARCH_PATHS = (
					"$(SDKROOT)/Developer/Library/Frameworks",
					"$(inherited)",
				);
				GCC_PREPROCESSOR_DEFINITIONS = (
					"DEBUG=1",
					"$(inherited)",
				);
				INFOPLIST_FILE = DigitClockinSwiftTests/Info.plist;
				LD_RUNPATH_SEARCH_PATHS = "$(inherited) @executable_path/Frameworks @loader_path/Frameworks";
				PRODUCT_NAME = "$(TARGET_NAME)";
				TEST_HOST = "$(BUILT_PRODUCTS_DIR)/DigitClockinSwift.app/DigitClockinSwift";
			};
			name = Debug;
		};
		CB999B231AE78E6300CDB674 /* Release */ = {
			isa = XCBuildConfiguration;
			buildSettings = {
				BUNDLE_LOADER = "$(TEST_HOST)";
				FRAMEWORK_SEARCH_PATHS = (
					"$(SDKROOT)/Developer/Library/Frameworks",
					"$(inherited)",
				);
				INFOPLIST_FILE = DigitClockinSwiftTests/Info.plist;
				LD_RUNPATH_SEARCH_PATHS = "$(inherited) @executable_path/Frameworks @loader_path/Frameworks";
				PRODUCT_NAME = "$(TARGET_NAME)";
				TEST_HOST = "$(BUILT_PRODUCTS_DIR)/DigitClockinSwift.app/DigitClockinSwift";
			};
			name = Release;
		};
/* End XCBuildConfiguration section */

/* Begin XCConfigurationList section */
		CB999AFA1AE78E6300CDB674 /* Build configuration list for PBXProject "DigitClockinSwift" */ = {
			isa = XCConfigurationList;
			buildConfigurations = (
				CB999B1C1AE78E6300CDB674 /* Debug */,
				CB999B1D1AE78E6300CDB674 /* Release */,
			);
			defaultConfigurationIsVisible = 0;
			defaultConfigurationName = Release;
		};
		CB999B1E1AE78E6300CDB674 /* Build configuration list for PBXNativeTarget "DigitClockinSwift" */ = {
			isa = XCConfigurationList;
			buildConfigurations = (
				CB999B1F1AE78E6300CDB674 /* Debug */,
				CB999B201AE78E6300CDB674 /* Release */,
			);
			defaultConfigurationIsVisible = 0;
			defaultConfigurationName = Release;
		};
		CB999B211AE78E6300CDB674 /* Build configuration list for PBXNativeTarget "DigitClockinSwiftTests" */ = {
			isa = XCConfigurationList;
			buildConfigurations = (
				CB999B221AE78E6300CDB674 /* Debug */,
				CB999B231AE78E6300CDB674 /* Release */,
			);
			defaultConfigurationIsVisible = 0;
			defaultConfigurationName = Release;
		};
/* End XCConfigurationList section */
	};
	rootObject = CB999AF71AE78E6300CDB674 /* Project object */;
}
