// !$*UTF8*$!
{
	archiveVersion = 1;
	classes = {
	};
	objectVersion = 50;
	objects = {

/* Begin PBXBuildFile section */
		CBAE5804239289EE004DE131 /* Router.swift in Sources */ = {isa = PBXBuildFile; fileRef = CBAE5803239289EE004DE131 /* Router.swift */; };
		CBAE5805239289EE004DE131 /* Interactor.swift in Sources */ = {isa = PBXBuildFile; fileRef = CBAE5802239289ED004DE131 /* Interactor.swift */; };
		CBAE5806239289EE004DE131 /* Builder.swift in Sources */ = {isa = PBXBuildFile; fileRef = CBAE5801239289ED004DE131 /* Builder.swift */; };
		CBAE580923928A0F004DE131 /* RxSwift.framework in Frameworks */ = {isa = PBXBuildFile; fileRef = CBAE580723928A0F004DE131 /* RxSwift.framework */; };
		CBAE580B23928A0F004DE131 /* RIBs.framework in Frameworks */ = {isa = PBXBuildFile; fileRef = CBAE580823928A0F004DE131 /* RIBs.framework */; };
		CBD379092388F3BD006B0EBD /* Clock.h in Headers */ = {isa = PBXBuildFile; fileRef = CBD379072388F3BD006B0EBD /* Clock.h */; settings = {ATTRIBUTES = (Public, ); }; };
		CBD379232388F454006B0EBD /* ViewController.swift in Sources */ = {isa = PBXBuildFile; fileRef = CBD379222388F454006B0EBD /* ViewController.swift */; };
		CBD379272388F458006B0EBD /* ColorStorageService.swift in Sources */ = {isa = PBXBuildFile; fileRef = CBD379262388F458006B0EBD /* ColorStorageService.swift */; };
		CBD3792C2388F4BC006B0EBD /* Settings.framework in Frameworks */ = {isa = PBXBuildFile; fileRef = CBD3792B2388F4BC006B0EBD /* Settings.framework */; };
/* End PBXBuildFile section */

/* Begin PBXContainerItemProxy section */
		CBD383C323924D75004EEAB4 /* PBXContainerItemProxy */ = {
			isa = PBXContainerItemProxy;
			containerPortal = CBD383BF23924D74004EEAB4 /* ClockTimer.xcodeproj */;
			proxyType = 2;
			remoteGlobalIDString = CBD383B423924D74004EEAB4;
			remoteInfo = ClockTimer;
		};
		CBD383C523924D99004EEAB4 /* PBXContainerItemProxy */ = {
			isa = PBXContainerItemProxy;
			containerPortal = CBD383BF23924D74004EEAB4 /* ClockTimer.xcodeproj */;
			proxyType = 1;
			remoteGlobalIDString = CBD383B323924D74004EEAB4;
			remoteInfo = ClockTimer;
		};
/* End PBXContainerItemProxy section */

/* Begin PBXFileReference section */
		CBAE5801239289ED004DE131 /* Builder.swift */ = {isa = PBXFileReference; lastKnownFileType = sourcecode.swift; path = Builder.swift; sourceTree = "<group>"; };
		CBAE5802239289ED004DE131 /* Interactor.swift */ = {isa = PBXFileReference; lastKnownFileType = sourcecode.swift; path = Interactor.swift; sourceTree = "<group>"; };
		CBAE5803239289EE004DE131 /* Router.swift */ = {isa = PBXFileReference; lastKnownFileType = sourcecode.swift; path = Router.swift; sourceTree = "<group>"; };
		CBAE580723928A0F004DE131 /* RxSwift.framework */ = {isa = PBXFileReference; lastKnownFileType = wrapper.framework; name = RxSwift.framework; path = ../../../../Carthage/Build/iOS/RxSwift.framework; sourceTree = "<group>"; };
		CBAE580823928A0F004DE131 /* RIBs.framework */ = {isa = PBXFileReference; lastKnownFileType = wrapper.framework; name = RIBs.framework; path = ../../../../Carthage/Build/iOS/RIBs.framework; sourceTree = "<group>"; };
		CBD379042388F3BD006B0EBD /* Clock.framework */ = {isa = PBXFileReference; explicitFileType = wrapper.framework; includeInIndex = 0; path = Clock.framework; sourceTree = BUILT_PRODUCTS_DIR; };
		CBD379072388F3BD006B0EBD /* Clock.h */ = {isa = PBXFileReference; lastKnownFileType = sourcecode.c.h; path = Clock.h; sourceTree = "<group>"; };
		CBD379082388F3BD006B0EBD /* Info.plist */ = {isa = PBXFileReference; lastKnownFileType = text.plist.xml; path = Info.plist; sourceTree = "<group>"; };
		CBD379222388F454006B0EBD /* ViewController.swift */ = {isa = PBXFileReference; fileEncoding = 4; lastKnownFileType = sourcecode.swift; path = ViewController.swift; sourceTree = "<group>"; };
		CBD379252388F458006B0EBD /* Base */ = {isa = PBXFileReference; lastKnownFileType = file.storyboard; name = Base; path = Base.lproj/ClockViewController.storyboard; sourceTree = "<group>"; };
		CBD379262388F458006B0EBD /* ColorStorageService.swift */ = {isa = PBXFileReference; lastKnownFileType = sourcecode.swift; path = ColorStorageService.swift; sourceTree = "<group>"; };
		CBD3792B2388F4BC006B0EBD /* Settings.framework */ = {isa = PBXFileReference; explicitFileType = wrapper.framework; path = Settings.framework; sourceTree = BUILT_PRODUCTS_DIR; };
		CBD383BF23924D74004EEAB4 /* ClockTimer.xcodeproj */ = {isa = PBXFileReference; lastKnownFileType = "wrapper.pb-project"; name = ClockTimer.xcodeproj; path = ClockTimer/ClockTimer.xcodeproj; sourceTree = "<group>"; };
/* End PBXFileReference section */

/* Begin PBXFrameworksBuildPhase section */
		CBD379012388F3BD006B0EBD /* Frameworks */ = {
			isa = PBXFrameworksBuildPhase;
			buildActionMask = 2147483647;
			files = (
				CBAE580923928A0F004DE131 /* RxSwift.framework in Frameworks */,
				CBD3792C2388F4BC006B0EBD /* Settings.framework in Frameworks */,
				CBAE580B23928A0F004DE131 /* RIBs.framework in Frameworks */,
			);
			runOnlyForDeploymentPostprocessing = 0;
		};
/* End PBXFrameworksBuildPhase section */

/* Begin PBXGroup section */
		CBD378FA2388F3BD006B0EBD = {
			isa = PBXGroup;
			children = (
				CBD379062388F3BD006B0EBD /* Clock */,
				CBD3838E23924CF5004EEAB4 /* Dependencies */,
				CBD379052388F3BD006B0EBD /* Products */,
				CBD3792A2388F4BC006B0EBD /* Frameworks */,
			);
			sourceTree = "<group>";
		};
		CBD379052388F3BD006B0EBD /* Products */ = {
			isa = PBXGroup;
			children = (
				CBD379042388F3BD006B0EBD /* Clock.framework */,
			);
			name = Products;
			sourceTree = "<group>";
		};
		CBD379062388F3BD006B0EBD /* Clock */ = {
			isa = PBXGroup;
			children = (
				CBD379152388F40C006B0EBD /* Source */,
				CBD379072388F3BD006B0EBD /* Clock.h */,
				CBD379082388F3BD006B0EBD /* Info.plist */,
			);
			path = Clock;
			sourceTree = "<group>";
		};
		CBD379152388F40C006B0EBD /* Source */ = {
			isa = PBXGroup;
			children = (
				CBAE5803239289EE004DE131 /* Router.swift */,
				CBAE5801239289ED004DE131 /* Builder.swift */,
				CBAE5802239289ED004DE131 /* Interactor.swift */,
				CBD379222388F454006B0EBD /* ViewController.swift */,
				CBD379242388F458006B0EBD /* ClockViewController.storyboard */,
				CBD379262388F458006B0EBD /* ColorStorageService.swift */,
			);
			path = Source;
			sourceTree = "<group>";
		};
		CBD3792A2388F4BC006B0EBD /* Frameworks */ = {
			isa = PBXGroup;
			children = (
				CBAE580823928A0F004DE131 /* RIBs.framework */,
				CBAE580723928A0F004DE131 /* RxSwift.framework */,
				CBD3792B2388F4BC006B0EBD /* Settings.framework */,
			);
			name = Frameworks;
			sourceTree = "<group>";
		};
		CBD3838E23924CF5004EEAB4 /* Dependencies */ = {
			isa = PBXGroup;
			children = (
				CBD383BF23924D74004EEAB4 /* ClockTimer.xcodeproj */,
			);
			path = Dependencies;
			sourceTree = "<group>";
		};
		CBD383C023924D74004EEAB4 /* Products */ = {
			isa = PBXGroup;
			children = (
				CBD383C423924D75004EEAB4 /* ClockTimer.framework */,
			);
			name = Products;
			sourceTree = "<group>";
		};
/* End PBXGroup section */

/* Begin PBXHeadersBuildPhase section */
		CBD378FF2388F3BD006B0EBD /* Headers */ = {
			isa = PBXHeadersBuildPhase;
			buildActionMask = 2147483647;
			files = (
				CBD379092388F3BD006B0EBD /* Clock.h in Headers */,
			);
			runOnlyForDeploymentPostprocessing = 0;
		};
/* End PBXHeadersBuildPhase section */

/* Begin PBXNativeTarget section */
		CBD379032388F3BD006B0EBD /* Clock */ = {
			isa = PBXNativeTarget;
			buildConfigurationList = CBD3790C2388F3BD006B0EBD /* Build configuration list for PBXNativeTarget "Clock" */;
			buildPhases = (
				CBD378FF2388F3BD006B0EBD /* Headers */,
				CBD379002388F3BD006B0EBD /* Sources */,
				CBD379012388F3BD006B0EBD /* Frameworks */,
				CBD379022388F3BD006B0EBD /* Resources */,
			);
			buildRules = (
			);
			dependencies = (
				CBD383C623924D99004EEAB4 /* PBXTargetDependency */,
			);
			name = Clock;
			productName = Clock;
			productReference = CBD379042388F3BD006B0EBD /* Clock.framework */;
			productType = "com.apple.product-type.framework";
		};
/* End PBXNativeTarget section */

/* Begin PBXProject section */
		CBD378FB2388F3BD006B0EBD /* Project object */ = {
			isa = PBXProject;
			attributes = {
				LastUpgradeCheck = 1100;
				ORGANIZATIONNAME = minsone;
				TargetAttributes = {
					CBD379032388F3BD006B0EBD = {
						CreatedOnToolsVersion = 11.0;
					};
				};
			};
			buildConfigurationList = CBD378FE2388F3BD006B0EBD /* Build configuration list for PBXProject "Clock" */;
			compatibilityVersion = "Xcode 9.3";
			developmentRegion = en;
			hasScannedForEncodings = 0;
			knownRegions = (
				en,
				Base,
			);
			mainGroup = CBD378FA2388F3BD006B0EBD;
			productRefGroup = CBD379052388F3BD006B0EBD /* Products */;
			projectDirPath = "";
			projectReferences = (
				{
					ProductGroup = CBD383C023924D74004EEAB4 /* Products */;
					ProjectRef = CBD383BF23924D74004EEAB4 /* ClockTimer.xcodeproj */;
				},
			);
			projectRoot = "";
			targets = (
				CBD379032388F3BD006B0EBD /* Clock */,
			);
		};
/* End PBXProject section */

/* Begin PBXReferenceProxy section */
		CBD383C423924D75004EEAB4 /* ClockTimer.framework */ = {
			isa = PBXReferenceProxy;
			fileType = wrapper.framework;
			path = ClockTimer.framework;
			remoteRef = CBD383C323924D75004EEAB4 /* PBXContainerItemProxy */;
			sourceTree = BUILT_PRODUCTS_DIR;
		};
/* End PBXReferenceProxy section */

/* Begin PBXResourcesBuildPhase section */
		CBD379022388F3BD006B0EBD /* Resources */ = {
			isa = PBXResourcesBuildPhase;
			buildActionMask = 2147483647;
			files = (
			);
			runOnlyForDeploymentPostprocessing = 0;
		};
/* End PBXResourcesBuildPhase section */

/* Begin PBXSourcesBuildPhase section */
		CBD379002388F3BD006B0EBD /* Sources */ = {
			isa = PBXSourcesBuildPhase;
			buildActionMask = 2147483647;
			files = (
				CBD379232388F454006B0EBD /* ViewController.swift in Sources */,
				CBAE5804239289EE004DE131 /* Router.swift in Sources */,
				CBAE5805239289EE004DE131 /* Interactor.swift in Sources */,
				CBD379272388F458006B0EBD /* ColorStorageService.swift in Sources */,
				CBAE5806239289EE004DE131 /* Builder.swift in Sources */,
			);
			runOnlyForDeploymentPostprocessing = 0;
		};
/* End PBXSourcesBuildPhase section */

/* Begin PBXTargetDependency section */
		CBD383C623924D99004EEAB4 /* PBXTargetDependency */ = {
			isa = PBXTargetDependency;
			name = ClockTimer;
			targetProxy = CBD383C523924D99004EEAB4 /* PBXContainerItemProxy */;
		};
/* End PBXTargetDependency section */

/* Begin PBXVariantGroup section */
		CBD379242388F458006B0EBD /* ClockViewController.storyboard */ = {
			isa = PBXVariantGroup;
			children = (
				CBD379252388F458006B0EBD /* Base */,
			);
			name = ClockViewController.storyboard;
			sourceTree = "<group>";
		};
/* End PBXVariantGroup section */

/* Begin XCBuildConfiguration section */
		CBD3790A2388F3BD006B0EBD /* Debug */ = {
			isa = XCBuildConfiguration;
			buildSettings = {
				ALWAYS_SEARCH_USER_PATHS = NO;
				CLANG_ANALYZER_NONNULL = YES;
				CLANG_ANALYZER_NUMBER_OBJECT_CONVERSION = YES_AGGRESSIVE;
				CLANG_CXX_LANGUAGE_STANDARD = "gnu++14";
				CLANG_CXX_LIBRARY = "libc++";
				CLANG_ENABLE_MODULES = YES;
				CLANG_ENABLE_OBJC_ARC = YES;
				CLANG_ENABLE_OBJC_WEAK = YES;
				CLANG_WARN_BLOCK_CAPTURE_AUTORELEASING = YES;
				CLANG_WARN_BOOL_CONVERSION = YES;
				CLANG_WARN_COMMA = YES;
				CLANG_WARN_CONSTANT_CONVERSION = YES;
				CLANG_WARN_DEPRECATED_OBJC_IMPLEMENTATIONS = YES;
				CLANG_WARN_DIRECT_OBJC_ISA_USAGE = YES_ERROR;
				CLANG_WARN_DOCUMENTATION_COMMENTS = YES;
				CLANG_WARN_EMPTY_BODY = YES;
				CLANG_WARN_ENUM_CONVERSION = YES;
				CLANG_WARN_INFINITE_RECURSION = YES;
				CLANG_WARN_INT_CONVERSION = YES;
				CLANG_WARN_NON_LITERAL_NULL_CONVERSION = YES;
				CLANG_WARN_OBJC_IMPLICIT_RETAIN_SELF = YES;
				CLANG_WARN_OBJC_LITERAL_CONVERSION = YES;
				CLANG_WARN_OBJC_ROOT_CLASS = YES_ERROR;
				CLANG_WARN_RANGE_LOOP_ANALYSIS = YES;
				CLANG_WARN_STRICT_PROTOTYPES = YES;
				CLANG_WARN_SUSPICIOUS_MOVE = YES;
				CLANG_WARN_UNGUARDED_AVAILABILITY = YES_AGGRESSIVE;
				CLANG_WARN_UNREACHABLE_CODE = YES;
				CLANG_WARN__DUPLICATE_METHOD_MATCH = YES;
				COPY_PHASE_STRIP = NO;
				CURRENT_PROJECT_VERSION = 1;
				DEBUG_INFORMATION_FORMAT = dwarf;
				ENABLE_STRICT_OBJC_MSGSEND = YES;
				ENABLE_TESTABILITY = YES;
				GCC_C_LANGUAGE_STANDARD = gnu11;
				GCC_DYNAMIC_NO_PIC = NO;
				GCC_NO_COMMON_BLOCKS = YES;
				GCC_OPTIMIZATION_LEVEL = 0;
				GCC_PREPROCESSOR_DEFINITIONS = (
					"DEBUG=1",
					"$(inherited)",
				);
				GCC_WARN_64_TO_32_BIT_CONVERSION = YES;
				GCC_WARN_ABOUT_RETURN_TYPE = YES_ERROR;
				GCC_WARN_UNDECLARED_SELECTOR = YES;
				GCC_WARN_UNINITIALIZED_AUTOS = YES_AGGRESSIVE;
				GCC_WARN_UNUSED_FUNCTION = YES;
				GCC_WARN_UNUSED_VARIABLE = YES;
				IPHONEOS_DEPLOYMENT_TARGET = 11.0;
				MTL_ENABLE_DEBUG_INFO = INCLUDE_SOURCE;
				MTL_FAST_MATH = YES;
				ONLY_ACTIVE_ARCH = YES;
				SDKROOT = iphoneos;
				SWIFT_ACTIVE_COMPILATION_CONDITIONS = DEBUG;
				SWIFT_OPTIMIZATION_LEVEL = "-Onone";
				VERSIONING_SYSTEM = "apple-generic";
				VERSION_INFO_PREFIX = "";
			};
			name = Debug;
		};
		CBD3790B2388F3BD006B0EBD /* Release */ = {
			isa = XCBuildConfiguration;
			buildSettings = {
				ALWAYS_SEARCH_USER_PATHS = NO;
				CLANG_ANALYZER_NONNULL = YES;
				CLANG_ANALYZER_NUMBER_OBJECT_CONVERSION = YES_AGGRESSIVE;
				CLANG_CXX_LANGUAGE_STANDARD = "gnu++14";
				CLANG_CXX_LIBRARY = "libc++";
				CLANG_ENABLE_MODULES = YES;
				CLANG_ENABLE_OBJC_ARC = YES;
				CLANG_ENABLE_OBJC_WEAK = YES;
				CLANG_WARN_BLOCK_CAPTURE_AUTORELEASING = YES;
				CLANG_WARN_BOOL_CONVERSION = YES;
				CLANG_WARN_COMMA = YES;
				CLANG_WARN_CONSTANT_CONVERSION = YES;
				CLANG_WARN_DEPRECATED_OBJC_IMPLEMENTATIONS = YES;
				CLANG_WARN_DIRECT_OBJC_ISA_USAGE = YES_ERROR;
				CLANG_WARN_DOCUMENTATION_COMMENTS = YES;
				CLANG_WARN_EMPTY_BODY = YES;
				CLANG_WARN_ENUM_CONVERSION = YES;
				CLANG_WARN_INFINITE_RECURSION = YES;
				CLANG_WARN_INT_CONVERSION = YES;
				CLANG_WARN_NON_LITERAL_NULL_CONVERSION = YES;
				CLANG_WARN_OBJC_IMPLICIT_RETAIN_SELF = YES;
				CLANG_WARN_OBJC_LITERAL_CONVERSION = YES;
				CLANG_WARN_OBJC_ROOT_CLASS = YES_ERROR;
				CLANG_WARN_RANGE_LOOP_ANALYSIS = YES;
				CLANG_WARN_STRICT_PROTOTYPES = YES;
				CLANG_WARN_SUSPICIOUS_MOVE = YES;
				CLANG_WARN_UNGUARDED_AVAILABILITY = YES_AGGRESSIVE;
				CLANG_WARN_UNREACHABLE_CODE = YES;
				CLANG_WARN__DUPLICATE_METHOD_MATCH = YES;
				COPY_PHASE_STRIP = NO;
				CURRENT_PROJECT_VERSION = 1;
				DEBUG_INFORMATION_FORMAT = "dwarf-with-dsym";
				ENABLE_NS_ASSERTIONS = NO;
				ENABLE_STRICT_OBJC_MSGSEND = YES;
				GCC_C_LANGUAGE_STANDARD = gnu11;
				GCC_NO_COMMON_BLOCKS = YES;
				GCC_WARN_64_TO_32_BIT_CONVERSION = YES;
				GCC_WARN_ABOUT_RETURN_TYPE = YES_ERROR;
				GCC_WARN_UNDECLARED_SELECTOR = YES;
				GCC_WARN_UNINITIALIZED_AUTOS = YES_AGGRESSIVE;
				GCC_WARN_UNUSED_FUNCTION = YES;
				GCC_WARN_UNUSED_VARIABLE = YES;
				IPHONEOS_DEPLOYMENT_TARGET = 11.0;
				MTL_ENABLE_DEBUG_INFO = NO;
				MTL_FAST_MATH = YES;
				SDKROOT = iphoneos;
				SWIFT_COMPILATION_MODE = wholemodule;
				SWIFT_OPTIMIZATION_LEVEL = "-O";
				VALIDATE_PRODUCT = YES;
				VERSIONING_SYSTEM = "apple-generic";
				VERSION_INFO_PREFIX = "";
			};
			name = Release;
		};
		CBD3790D2388F3BD006B0EBD /* Debug */ = {
			isa = XCBuildConfiguration;
			buildSettings = {
				CODE_SIGN_STYLE = Automatic;
				DEFINES_MODULE = YES;
				DEVELOPMENT_TEAM = 6794ZU679A;
				DYLIB_COMPATIBILITY_VERSION = 1;
				DYLIB_CURRENT_VERSION = 1;
				DYLIB_INSTALL_NAME_BASE = "@rpath";
				INFOPLIST_FILE = Clock/Info.plist;
				INSTALL_PATH = "$(LOCAL_LIBRARY_DIR)/Frameworks";
				LD_RUNPATH_SEARCH_PATHS = (
					"$(inherited)",
					"@executable_path/Frameworks",
					"@loader_path/Frameworks",
				);
				MACH_O_TYPE = staticlib;
				PRODUCT_BUNDLE_IDENTIFIER = kr.minsOne.Labs.DigitClock.Clock;
				PRODUCT_NAME = "$(TARGET_NAME:c99extidentifier)";
				SKIP_INSTALL = YES;
				SWIFT_VERSION = 5.0;
				TARGETED_DEVICE_FAMILY = "1,2";
			};
			name = Debug;
		};
		CBD3790E2388F3BD006B0EBD /* Release */ = {
			isa = XCBuildConfiguration;
			buildSettings = {
				CODE_SIGN_STYLE = Automatic;
				DEFINES_MODULE = YES;
				DEVELOPMENT_TEAM = 6794ZU679A;
				DYLIB_COMPATIBILITY_VERSION = 1;
				DYLIB_CURRENT_VERSION = 1;
				DYLIB_INSTALL_NAME_BASE = "@rpath";
				INFOPLIST_FILE = Clock/Info.plist;
				INSTALL_PATH = "$(LOCAL_LIBRARY_DIR)/Frameworks";
				LD_RUNPATH_SEARCH_PATHS = (
					"$(inherited)",
					"@executable_path/Frameworks",
					"@loader_path/Frameworks",
				);
				MACH_O_TYPE = staticlib;
				PRODUCT_BUNDLE_IDENTIFIER = kr.minsOne.Labs.DigitClock.Clock;
				PRODUCT_NAME = "$(TARGET_NAME:c99extidentifier)";
				SKIP_INSTALL = YES;
				SWIFT_VERSION = 5.0;
				TARGETED_DEVICE_FAMILY = "1,2";
			};
			name = Release;
		};
/* End XCBuildConfiguration section */

/* Begin XCConfigurationList section */
		CBD378FE2388F3BD006B0EBD /* Build configuration list for PBXProject "Clock" */ = {
			isa = XCConfigurationList;
			buildConfigurations = (
				CBD3790A2388F3BD006B0EBD /* Debug */,
				CBD3790B2388F3BD006B0EBD /* Release */,
			);
			defaultConfigurationIsVisible = 0;
			defaultConfigurationName = Release;
		};
		CBD3790C2388F3BD006B0EBD /* Build configuration list for PBXNativeTarget "Clock" */ = {
			isa = XCConfigurationList;
			buildConfigurations = (
				CBD3790D2388F3BD006B0EBD /* Debug */,
				CBD3790E2388F3BD006B0EBD /* Release */,
			);
			defaultConfigurationIsVisible = 0;
			defaultConfigurationName = Release;
		};
/* End XCConfigurationList section */
	};
	rootObject = CBD378FB2388F3BD006B0EBD /* Project object */;
}
